// !$*UTF8*$!
{
	archiveVersion = 1;
	classes = {
	};
	objectVersion = 46;
	objects = {

/* Begin PBXBuildFile section */
		0E144D0E02CAEC59F75C4627 /* ofxTangibleValue.cpp in Sources */ = {isa = PBXBuildFile; fileRef = BF50F3FFDAC1F530CCA62D68 /* ofxTangibleValue.cpp */; };
		170DC9AF378A4CB8C72106C1 /* ofxXmlSettings.cpp in Sources */ = {isa = PBXBuildFile; fileRef = B3589C0292318E6126A86AB2 /* ofxXmlSettings.cpp */; };
		1CCCC1103171A9253C0A4362 /* ofxTangibleHandle.cpp in Sources */ = {isa = PBXBuildFile; fileRef = C3BAE3A5C715D4D40AE21E3E /* ofxTangibleHandle.cpp */; };
		257A82859F8666C8F9642C8A /* tinyxmlerror.cpp in Sources */ = {isa = PBXBuildFile; fileRef = 62E561F228DA38E916AD82A4 /* tinyxmlerror.cpp */; };
		25BD31837A3EBC12F9829DAB /* ofxTangibleToggle.cpp in Sources */ = {isa = PBXBuildFile; fileRef = CB211826074E8B8448C5A800 /* ofxTangibleToggle.cpp */; };
		2AC45515F27B8A746A4A6720 /* tinyxmlparser.cpp in Sources */ = {isa = PBXBuildFile; fileRef = 18702D68E84075849707B650 /* tinyxmlparser.cpp */; };
		380609A83057214DAFEEB599 /* ofxTangibleImage.cpp in Sources */ = {isa = PBXBuildFile; fileRef = F9AD24C6D0A8FF23B2587924 /* ofxTangibleImage.cpp */; };
		3D4E0BEC69118476A0D4E226 /* ofxTangibleBezier.cpp in Sources */ = {isa = PBXBuildFile; fileRef = 97C346A35C13B455ED17B33D /* ofxTangibleBezier.cpp */; };
		5B297B1418EE501C006B7D16 /* ckvdHandle.cpp in Sources */ = {isa = PBXBuildFile; fileRef = 5B297B1018EE501C006B7D16 /* ckvdHandle.cpp */; };
		5B297B1518EE501C006B7D16 /* kinet.cpp in Sources */ = {isa = PBXBuildFile; fileRef = 5B297B1218EE501C006B7D16 /* kinet.cpp */; };
		5B297B7518EE5388006B7D16 /* Syphon.framework in Frameworks */ = {isa = PBXBuildFile; fileRef = 5B297B6418EE5388006B7D16 /* Syphon.framework */; };
		5B297B7618EE5388006B7D16 /* SyphonNameboundClient.m in Sources */ = {isa = PBXBuildFile; fileRef = 5B297B6718EE5388006B7D16 /* SyphonNameboundClient.m */; };
		5B297B7718EE5388006B7D16 /* ofxSyphonClient.mm in Sources */ = {isa = PBXBuildFile; fileRef = 5B297B6C18EE5388006B7D16 /* ofxSyphonClient.mm */; };
		5B297B7818EE5388006B7D16 /* ofxSyphonServer.mm in Sources */ = {isa = PBXBuildFile; fileRef = 5B297B6E18EE5388006B7D16 /* ofxSyphonServer.mm */; };
		5B297B7918EE5388006B7D16 /* ofxSyphonServerDirectory.mm in Sources */ = {isa = PBXBuildFile; fileRef = 5B297B7018EE5388006B7D16 /* ofxSyphonServerDirectory.mm */; };
		5B297B8018EE53B8006B7D16 /* Syphon.framework in CopyFiles */ = {isa = PBXBuildFile; fileRef = 5B297B6418EE5388006B7D16 /* Syphon.framework */; };
		5B297BE318EF31F1006B7D16 /* ofxUI2DGraph.cpp in Sources */ = {isa = PBXBuildFile; fileRef = 5B297B8318EF31F1006B7D16 /* ofxUI2DGraph.cpp */; };
		5B297BE418EF31F1006B7D16 /* ofxUI2DPad.cpp in Sources */ = {isa = PBXBuildFile; fileRef = 5B297B8518EF31F1006B7D16 /* ofxUI2DPad.cpp */; };
		5B297BE518EF31F1006B7D16 /* ofxUIBaseDraws.cpp in Sources */ = {isa = PBXBuildFile; fileRef = 5B297B8718EF31F1006B7D16 /* ofxUIBaseDraws.cpp */; };
		5B297BE618EF31F1006B7D16 /* ofxUIBiLabelSlider.cpp in Sources */ = {isa = PBXBuildFile; fileRef = 5B297B8918EF31F1006B7D16 /* ofxUIBiLabelSlider.cpp */; };
		5B297BE718EF31F1006B7D16 /* ofxUIButton.cpp in Sources */ = {isa = PBXBuildFile; fileRef = 5B297B8B18EF31F1006B7D16 /* ofxUIButton.cpp */; };
		5B297BE818EF31F1006B7D16 /* ofxUICanvas.cpp in Sources */ = {isa = PBXBuildFile; fileRef = 5B297B8D18EF31F1006B7D16 /* ofxUICanvas.cpp */; };
		5B297BE918EF31F1006B7D16 /* ofxUICircleSlider.cpp in Sources */ = {isa = PBXBuildFile; fileRef = 5B297B8F18EF31F1006B7D16 /* ofxUICircleSlider.cpp */; };
		5B297BEA18EF31F1006B7D16 /* ofxUICustomImageButton.cpp in Sources */ = {isa = PBXBuildFile; fileRef = 5B297B9118EF31F1006B7D16 /* ofxUICustomImageButton.cpp */; };
		5B297BEB18EF31F1006B7D16 /* ofxUIDragableLabelButton.cpp in Sources */ = {isa = PBXBuildFile; fileRef = 5B297B9418EF31F1006B7D16 /* ofxUIDragableLabelButton.cpp */; };
		5B297BEC18EF31F1006B7D16 /* ofxUIDropDownList.cpp in Sources */ = {isa = PBXBuildFile; fileRef = 5B297B9618EF31F1006B7D16 /* ofxUIDropDownList.cpp */; };
		5B297BED18EF31F1006B7D16 /* ofxUIEventArgs.cpp in Sources */ = {isa = PBXBuildFile; fileRef = 5B297B9818EF31F1006B7D16 /* ofxUIEventArgs.cpp */; };
		5B297BEE18EF31F1006B7D16 /* ofxUIFPS.cpp in Sources */ = {isa = PBXBuildFile; fileRef = 5B297B9A18EF31F1006B7D16 /* ofxUIFPS.cpp */; };
		5B297BEF18EF31F1006B7D16 /* ofxUIFPSSlider.cpp in Sources */ = {isa = PBXBuildFile; fileRef = 5B297B9C18EF31F1006B7D16 /* ofxUIFPSSlider.cpp */; };
		5B297BF018EF31F1006B7D16 /* ofxUIImage.cpp in Sources */ = {isa = PBXBuildFile; fileRef = 5B297B9E18EF31F1006B7D16 /* ofxUIImage.cpp */; };
		5B297BF118EF31F1006B7D16 /* ofxUIImageButton.cpp in Sources */ = {isa = PBXBuildFile; fileRef = 5B297BA018EF31F1006B7D16 /* ofxUIImageButton.cpp */; };
		5B297BF218EF31F1006B7D16 /* ofxUIImageSampler.cpp in Sources */ = {isa = PBXBuildFile; fileRef = 5B297BA218EF31F1006B7D16 /* ofxUIImageSampler.cpp */; };
		5B297BF318EF31F1006B7D16 /* ofxUIImageSlider.cpp in Sources */ = {isa = PBXBuildFile; fileRef = 5B297BA418EF31F1006B7D16 /* ofxUIImageSlider.cpp */; };
		5B297BF418EF31F1006B7D16 /* ofxUIImageToggle.cpp in Sources */ = {isa = PBXBuildFile; fileRef = 5B297BA618EF31F1006B7D16 /* ofxUIImageToggle.cpp */; };
		5B297BF518EF31F1006B7D16 /* ofxUIIntSlider.cpp in Sources */ = {isa = PBXBuildFile; fileRef = 5B297BA818EF31F1006B7D16 /* ofxUIIntSlider.cpp */; };
		5B297BF618EF31F1006B7D16 /* ofxUILabel.cpp in Sources */ = {isa = PBXBuildFile; fileRef = 5B297BAA18EF31F1006B7D16 /* ofxUILabel.cpp */; };
		5B297BF718EF31F1006B7D16 /* ofxUILabelButton.cpp in Sources */ = {isa = PBXBuildFile; fileRef = 5B297BAC18EF31F1006B7D16 /* ofxUILabelButton.cpp */; };
		5B297BF818EF31F1006B7D16 /* ofxUILabelToggle.cpp in Sources */ = {isa = PBXBuildFile; fileRef = 5B297BAE18EF31F1006B7D16 /* ofxUILabelToggle.cpp */; };
		5B297BF918EF31F1006B7D16 /* ofxUIMinimalSlider.cpp in Sources */ = {isa = PBXBuildFile; fileRef = 5B297BB018EF31F1006B7D16 /* ofxUIMinimalSlider.cpp */; };
		5B297BFA18EF31F1006B7D16 /* ofxUIMovingGraph.cpp in Sources */ = {isa = PBXBuildFile; fileRef = 5B297BB218EF31F1006B7D16 /* ofxUIMovingGraph.cpp */; };
		5B297BFB18EF31F1006B7D16 /* ofxUIMultiImageButton.cpp in Sources */ = {isa = PBXBuildFile; fileRef = 5B297BB418EF31F1006B7D16 /* ofxUIMultiImageButton.cpp */; };
		5B297BFC18EF31F1006B7D16 /* ofxUIMultiImageToggle.cpp in Sources */ = {isa = PBXBuildFile; fileRef = 5B297BB618EF31F1006B7D16 /* ofxUIMultiImageToggle.cpp */; };
		5B297BFD18EF31F1006B7D16 /* ofxUINumberDialer.cpp in Sources */ = {isa = PBXBuildFile; fileRef = 5B297BB818EF31F1006B7D16 /* ofxUINumberDialer.cpp */; };
		5B297BFE18EF31F1006B7D16 /* ofxUIRadio.cpp in Sources */ = {isa = PBXBuildFile; fileRef = 5B297BBB18EF31F1006B7D16 /* ofxUIRadio.cpp */; };
		5B297BFF18EF31F1006B7D16 /* ofxUIRangeSlider.cpp in Sources */ = {isa = PBXBuildFile; fileRef = 5B297BBD18EF31F1006B7D16 /* ofxUIRangeSlider.cpp */; };
		5B297C0018EF31F1006B7D16 /* ofxUIRectangle.cpp in Sources */ = {isa = PBXBuildFile; fileRef = 5B297BBF18EF31F1006B7D16 /* ofxUIRectangle.cpp */; };
		5B297C0118EF31F1006B7D16 /* ofxUIRotarySlider.cpp in Sources */ = {isa = PBXBuildFile; fileRef = 5B297BC118EF31F1006B7D16 /* ofxUIRotarySlider.cpp */; };
		5B297C0218EF31F1006B7D16 /* ofxUIScrollableCanvas.cpp in Sources */ = {isa = PBXBuildFile; fileRef = 5B297BC318EF31F1006B7D16 /* ofxUIScrollableCanvas.cpp */; };
		5B297C0318EF31F1006B7D16 /* ofxUISlider.cpp in Sources */ = {isa = PBXBuildFile; fileRef = 5B297BC518EF31F1006B7D16 /* ofxUISlider.cpp */; };
		5B297C0418EF31F1006B7D16 /* ofxUISortableList.cpp in Sources */ = {isa = PBXBuildFile; fileRef = 5B297BC718EF31F1006B7D16 /* ofxUISortableList.cpp */; };
		5B297C0518EF31F1006B7D16 /* ofxUISpacer.cpp in Sources */ = {isa = PBXBuildFile; fileRef = 5B297BC918EF31F1006B7D16 /* ofxUISpacer.cpp */; };
		5B297C0618EF31F1006B7D16 /* ofxUISpectrum.cpp in Sources */ = {isa = PBXBuildFile; fileRef = 5B297BCB18EF31F1006B7D16 /* ofxUISpectrum.cpp */; };
		5B297C0718EF31F1006B7D16 /* ofxUISuperCanvas.cpp in Sources */ = {isa = PBXBuildFile; fileRef = 5B297BCD18EF31F1006B7D16 /* ofxUISuperCanvas.cpp */; };
		5B297C0818EF31F1006B7D16 /* ofxUITabBar.cpp in Sources */ = {isa = PBXBuildFile; fileRef = 5B297BCF18EF31F1006B7D16 /* ofxUITabBar.cpp */; };
		5B297C0918EF31F1006B7D16 /* ofxUITextArea.cpp in Sources */ = {isa = PBXBuildFile; fileRef = 5B297BD118EF31F1006B7D16 /* ofxUITextArea.cpp */; };
		5B297C0A18EF31F1006B7D16 /* ofxUITextInput.cpp in Sources */ = {isa = PBXBuildFile; fileRef = 5B297BD318EF31F1006B7D16 /* ofxUITextInput.cpp */; };
		5B297C0B18EF31F1006B7D16 /* ofxUIToggle.cpp in Sources */ = {isa = PBXBuildFile; fileRef = 5B297BD518EF31F1006B7D16 /* ofxUIToggle.cpp */; };
		5B297C0C18EF31F1006B7D16 /* ofxUIToggleMatrix.cpp in Sources */ = {isa = PBXBuildFile; fileRef = 5B297BD718EF31F1006B7D16 /* ofxUIToggleMatrix.cpp */; };
		5B297C0D18EF31F1006B7D16 /* ofxUIValuePlotter.cpp in Sources */ = {isa = PBXBuildFile; fileRef = 5B297BDA18EF31F1006B7D16 /* ofxUIValuePlotter.cpp */; };
		5B297C0E18EF31F1006B7D16 /* ofxUIWaveform.cpp in Sources */ = {isa = PBXBuildFile; fileRef = 5B297BDC18EF31F1006B7D16 /* ofxUIWaveform.cpp */; };
		5B297C0F18EF31F1006B7D16 /* ofxUIWidget.cpp in Sources */ = {isa = PBXBuildFile; fileRef = 5B297BDE18EF31F1006B7D16 /* ofxUIWidget.cpp */; };
		5B297C1018EF31F1006B7D16 /* ofxUIWidgetWithLabel.cpp in Sources */ = {isa = PBXBuildFile; fileRef = 5B297BE018EF31F1006B7D16 /* ofxUIWidgetWithLabel.cpp */; };
		83A996D4EFAD7D31D0387DA0 /* ofxTangibleCore.cpp in Sources */ = {isa = PBXBuildFile; fileRef = 017E8D82C7D30D394097FF38 /* ofxTangibleCore.cpp */; };
		8D0A58004D3B4C177911B24D /* ofxTransmitter.cpp in Sources */ = {isa = PBXBuildFile; fileRef = AC63E2DE7C19A742E8EB4147 /* ofxTransmitter.cpp */; };
		94A4FC0AF63F916894542BCA /* ofxTangibleBezierControl.cpp in Sources */ = {isa = PBXBuildFile; fileRef = 8A326899E275E133F5B78916 /* ofxTangibleBezierControl.cpp */; };
		990B68D6445C4EC0E5DDF82C /* ofxRotaryKnob.cpp in Sources */ = {isa = PBXBuildFile; fileRef = EED83282B3053FEED70D08E1 /* ofxRotaryKnob.cpp */; };
		B4BCEBADB67863B2998C9024 /* ofxPositioningContainer.cpp in Sources */ = {isa = PBXBuildFile; fileRef = C84DF46390FBA6EFE5215AAA /* ofxPositioningContainer.cpp */; };
		BAF16D3FCC1A5D86832036D0 /* tinyxml.cpp in Sources */ = {isa = PBXBuildFile; fileRef = BBBCC8EEA69482FBD867949E /* tinyxml.cpp */; };
		BBAB23CB13894F3D00AA2426 /* GLUT.framework in CopyFiles */ = {isa = PBXBuildFile; fileRef = BBAB23BE13894E4700AA2426 /* GLUT.framework */; };
		D3E61A7F2EB2A1ACC60FC9B1 /* ofxTangibleBezierHelper.cpp in Sources */ = {isa = PBXBuildFile; fileRef = 8CC4CE9A61529AC896229E53 /* ofxTangibleBezierHelper.cpp */; };
		E155A08312A287E40230ADC8 /* ofxTangibleButton.cpp in Sources */ = {isa = PBXBuildFile; fileRef = 258AB324B580FB323A716B33 /* ofxTangibleButton.cpp */; };
		E331E7A2BEFADC110EE8C23C /* ofxTimeline.cpp in Sources */ = {isa = PBXBuildFile; fileRef = 9D0B6172FA41ED212CA01C91 /* ofxTimeline.cpp */; };
		E4328149138ABC9F0047C5CB /* openFrameworksDebug.a in Frameworks */ = {isa = PBXBuildFile; fileRef = E4328148138ABC890047C5CB /* openFrameworksDebug.a */; };
		E45BE97B0E8CC7DD009D7055 /* AGL.framework in Frameworks */ = {isa = PBXBuildFile; fileRef = E45BE9710E8CC7DD009D7055 /* AGL.framework */; };
		E45BE97C0E8CC7DD009D7055 /* ApplicationServices.framework in Frameworks */ = {isa = PBXBuildFile; fileRef = E45BE9720E8CC7DD009D7055 /* ApplicationServices.framework */; };
		E45BE97D0E8CC7DD009D7055 /* AudioToolbox.framework in Frameworks */ = {isa = PBXBuildFile; fileRef = E45BE9730E8CC7DD009D7055 /* AudioToolbox.framework */; };
		E45BE97F0E8CC7DD009D7055 /* CoreAudio.framework in Frameworks */ = {isa = PBXBuildFile; fileRef = E45BE9750E8CC7DD009D7055 /* CoreAudio.framework */; };
		E45BE9800E8CC7DD009D7055 /* CoreFoundation.framework in Frameworks */ = {isa = PBXBuildFile; fileRef = E45BE9760E8CC7DD009D7055 /* CoreFoundation.framework */; };
		E45BE9810E8CC7DD009D7055 /* CoreServices.framework in Frameworks */ = {isa = PBXBuildFile; fileRef = E45BE9770E8CC7DD009D7055 /* CoreServices.framework */; };
		E45BE9830E8CC7DD009D7055 /* OpenGL.framework in Frameworks */ = {isa = PBXBuildFile; fileRef = E45BE9790E8CC7DD009D7055 /* OpenGL.framework */; };
		E45BE9840E8CC7DD009D7055 /* QuickTime.framework in Frameworks */ = {isa = PBXBuildFile; fileRef = E45BE97A0E8CC7DD009D7055 /* QuickTime.framework */; };
		E46D48DC716E214CA2E9E59E /* ofxListener.cpp in Sources */ = {isa = PBXBuildFile; fileRef = E58FE091C2915130782ACDBF /* ofxListener.cpp */; };
		E4B69E200A3A1BDC003C02F2 /* main.cpp in Sources */ = {isa = PBXBuildFile; fileRef = E4B69E1D0A3A1BDC003C02F2 /* main.cpp */; };
		E4B69E210A3A1BDC003C02F2 /* ckvdApp.cpp in Sources */ = {isa = PBXBuildFile; fileRef = E4B69E1E0A3A1BDC003C02F2 /* ckvdApp.cpp */; };
		E4C2424710CC5A17004149E2 /* AppKit.framework in Frameworks */ = {isa = PBXBuildFile; fileRef = E4C2424410CC5A17004149E2 /* AppKit.framework */; };
		E4C2424810CC5A17004149E2 /* Cocoa.framework in Frameworks */ = {isa = PBXBuildFile; fileRef = E4C2424510CC5A17004149E2 /* Cocoa.framework */; };
		E4C2424910CC5A17004149E2 /* IOKit.framework in Frameworks */ = {isa = PBXBuildFile; fileRef = E4C2424610CC5A17004149E2 /* IOKit.framework */; };
		E4EB6799138ADC1D00A09F29 /* GLUT.framework in Frameworks */ = {isa = PBXBuildFile; fileRef = BBAB23BE13894E4700AA2426 /* GLUT.framework */; };
		E7E077E515D3B63C0020DFD4 /* CoreVideo.framework in Frameworks */ = {isa = PBXBuildFile; fileRef = E7E077E415D3B63C0020DFD4 /* CoreVideo.framework */; };
		E7E077E815D3B6510020DFD4 /* QTKit.framework in Frameworks */ = {isa = PBXBuildFile; fileRef = E7E077E715D3B6510020DFD4 /* QTKit.framework */; };
		E7F985F815E0DEA3003869B5 /* Accelerate.framework in Frameworks */ = {isa = PBXBuildFile; fileRef = E7F985F515E0DE99003869B5 /* Accelerate.framework */; };
/* End PBXBuildFile section */

/* Begin PBXContainerItemProxy section */
		E4328147138ABC890047C5CB /* PBXContainerItemProxy */ = {
			isa = PBXContainerItemProxy;
			containerPortal = E4328143138ABC890047C5CB /* openFrameworksLib.xcodeproj */;
			proxyType = 2;
			remoteGlobalIDString = E4B27C1510CBEB8E00536013;
			remoteInfo = openFrameworks;
		};
		E4EEB9AB138B136A00A80321 /* PBXContainerItemProxy */ = {
			isa = PBXContainerItemProxy;
			containerPortal = E4328143138ABC890047C5CB /* openFrameworksLib.xcodeproj */;
			proxyType = 1;
			remoteGlobalIDString = E4B27C1410CBEB8E00536013;
			remoteInfo = openFrameworks;
		};
/* End PBXContainerItemProxy section */

/* Begin PBXCopyFilesBuildPhase section */
		E4C2427710CC5ABF004149E2 /* CopyFiles */ = {
			isa = PBXCopyFilesBuildPhase;
			buildActionMask = 2147483647;
			dstPath = "";
			dstSubfolderSpec = 10;
			files = (
				BBAB23CB13894F3D00AA2426 /* GLUT.framework in CopyFiles */,
				5B297B8018EE53B8006B7D16 /* Syphon.framework in CopyFiles */,
			);
			runOnlyForDeploymentPostprocessing = 0;
		};
/* End PBXCopyFilesBuildPhase section */

/* Begin PBXFileReference section */
		017E8D82C7D30D394097FF38 /* ofxTangibleCore.cpp */ = {isa = PBXFileReference; explicitFileType = sourcecode.cpp.cpp; fileEncoding = 30; name = ofxTangibleCore.cpp; path = ../of_v0.8.1_osx_release/addons/ofxTangibleUI/src/ofxTangibleCore.cpp; sourceTree = SOURCE_ROOT; };
		03B8C2D4F782A1A89609A874 /* ofxTangibleImage.h */ = {isa = PBXFileReference; explicitFileType = sourcecode.c.h; fileEncoding = 30; name = ofxTangibleImage.h; path = ../of_v0.8.1_osx_release/addons/ofxTangibleUI/src/exampleControls/ofxTangibleImage.h; sourceTree = SOURCE_ROOT; };
		0B20E43A86F17E74077016F4 /* ofxTangibleValue.h */ = {isa = PBXFileReference; explicitFileType = sourcecode.c.h; fileEncoding = 30; name = ofxTangibleValue.h; path = ../of_v0.8.1_osx_release/addons/ofxTangibleUI/src/exampleControls/ofxTangibleValue.h; sourceTree = SOURCE_ROOT; };
		18702D68E84075849707B650 /* tinyxmlparser.cpp */ = {isa = PBXFileReference; explicitFileType = sourcecode.cpp.cpp; fileEncoding = 30; name = tinyxmlparser.cpp; path = ../of_v0.8.1_osx_release/addons/ofxXmlSettings/libs/tinyxmlparser.cpp; sourceTree = SOURCE_ROOT; };
		258AB324B580FB323A716B33 /* ofxTangibleButton.cpp */ = {isa = PBXFileReference; explicitFileType = sourcecode.cpp.cpp; fileEncoding = 30; name = ofxTangibleButton.cpp; path = ../of_v0.8.1_osx_release/addons/ofxTangibleUI/src/ofxTangibleButton.cpp; sourceTree = SOURCE_ROOT; };
		33BA78EEE8DDA99476D7D1F5 /* ofxTangibleButton.h */ = {isa = PBXFileReference; explicitFileType = sourcecode.c.h; fileEncoding = 30; name = ofxTangibleButton.h; path = ../of_v0.8.1_osx_release/addons/ofxTangibleUI/src/ofxTangibleButton.h; sourceTree = SOURCE_ROOT; };
		46AF01383CD10E18D6AACD96 /* ofxTangibleBezierHelper.h */ = {isa = PBXFileReference; explicitFileType = sourcecode.c.h; fileEncoding = 30; name = ofxTangibleBezierHelper.h; path = ../of_v0.8.1_osx_release/addons/ofxTangibleUI/src/exampleControls/bezier/ofxTangibleBezierHelper.h; sourceTree = SOURCE_ROOT; };
		4B2041E3F4FA377842B8BEDD /* ofxTransmitter.h */ = {isa = PBXFileReference; explicitFileType = sourcecode.c.h; fileEncoding = 30; name = ofxTransmitter.h; path = ../of_v0.8.1_osx_release/addons/ofxTangibleUI/src/ofxTransmitter.h; sourceTree = SOURCE_ROOT; };
		518F3FE01EC7DE096155C72E /* ofxListener.h */ = {isa = PBXFileReference; explicitFileType = sourcecode.c.h; fileEncoding = 30; name = ofxListener.h; path = ../of_v0.8.1_osx_release/addons/ofxTangibleUI/src/ofxListener.h; sourceTree = SOURCE_ROOT; };
		5B297B1018EE501C006B7D16 /* ckvdHandle.cpp */ = {isa = PBXFileReference; fileEncoding = 4; lastKnownFileType = sourcecode.cpp.cpp; path = ckvdHandle.cpp; sourceTree = "<group>"; };
		5B297B1118EE501C006B7D16 /* ckvdHandle.h */ = {isa = PBXFileReference; fileEncoding = 4; lastKnownFileType = sourcecode.c.h; path = ckvdHandle.h; sourceTree = "<group>"; };
		5B297B1218EE501C006B7D16 /* kinet.cpp */ = {isa = PBXFileReference; fileEncoding = 4; lastKnownFileType = sourcecode.cpp.cpp; path = kinet.cpp; sourceTree = "<group>"; };
		5B297B1318EE501C006B7D16 /* kinet.h */ = {isa = PBXFileReference; fileEncoding = 4; lastKnownFileType = sourcecode.c.h; path = kinet.h; sourceTree = "<group>"; };
		5B297B6418EE5388006B7D16 /* Syphon.framework */ = {isa = PBXFileReference; lastKnownFileType = wrapper.framework; path = Syphon.framework; sourceTree = "<group>"; };
		5B297B6618EE5388006B7D16 /* SyphonNameboundClient.h */ = {isa = PBXFileReference; fileEncoding = 4; lastKnownFileType = sourcecode.c.h; path = SyphonNameboundClient.h; sourceTree = "<group>"; };
		5B297B6718EE5388006B7D16 /* SyphonNameboundClient.m */ = {isa = PBXFileReference; fileEncoding = 4; lastKnownFileType = sourcecode.c.objc; path = SyphonNameboundClient.m; sourceTree = "<group>"; };
		5B297B6A18EE5388006B7D16 /* ofxSyphon.h */ = {isa = PBXFileReference; fileEncoding = 4; lastKnownFileType = sourcecode.c.h; path = ofxSyphon.h; sourceTree = "<group>"; };
		5B297B6B18EE5388006B7D16 /* ofxSyphonClient.h */ = {isa = PBXFileReference; fileEncoding = 4; lastKnownFileType = sourcecode.c.h; path = ofxSyphonClient.h; sourceTree = "<group>"; };
		5B297B6C18EE5388006B7D16 /* ofxSyphonClient.mm */ = {isa = PBXFileReference; fileEncoding = 4; lastKnownFileType = sourcecode.cpp.objcpp; path = ofxSyphonClient.mm; sourceTree = "<group>"; };
		5B297B6D18EE5388006B7D16 /* ofxSyphonServer.h */ = {isa = PBXFileReference; fileEncoding = 4; lastKnownFileType = sourcecode.c.h; path = ofxSyphonServer.h; sourceTree = "<group>"; };
		5B297B6E18EE5388006B7D16 /* ofxSyphonServer.mm */ = {isa = PBXFileReference; fileEncoding = 4; lastKnownFileType = sourcecode.cpp.objcpp; path = ofxSyphonServer.mm; sourceTree = "<group>"; };
		5B297B6F18EE5388006B7D16 /* ofxSyphonServerDirectory.h */ = {isa = PBXFileReference; fileEncoding = 4; lastKnownFileType = sourcecode.c.h; path = ofxSyphonServerDirectory.h; sourceTree = "<group>"; };
		5B297B7018EE5388006B7D16 /* ofxSyphonServerDirectory.mm */ = {isa = PBXFileReference; fileEncoding = 4; lastKnownFileType = sourcecode.cpp.objcpp; path = ofxSyphonServerDirectory.mm; sourceTree = "<group>"; };
		5B297B8218EF31F1006B7D16 /* ofxUI.h */ = {isa = PBXFileReference; fileEncoding = 4; lastKnownFileType = sourcecode.c.h; path = ofxUI.h; sourceTree = "<group>"; };
		5B297B8318EF31F1006B7D16 /* ofxUI2DGraph.cpp */ = {isa = PBXFileReference; fileEncoding = 4; lastKnownFileType = sourcecode.cpp.cpp; path = ofxUI2DGraph.cpp; sourceTree = "<group>"; };
		5B297B8418EF31F1006B7D16 /* ofxUI2DGraph.h */ = {isa = PBXFileReference; fileEncoding = 4; lastKnownFileType = sourcecode.c.h; path = ofxUI2DGraph.h; sourceTree = "<group>"; };
		5B297B8518EF31F1006B7D16 /* ofxUI2DPad.cpp */ = {isa = PBXFileReference; fileEncoding = 4; lastKnownFileType = sourcecode.cpp.cpp; path = ofxUI2DPad.cpp; sourceTree = "<group>"; };
		5B297B8618EF31F1006B7D16 /* ofxUI2DPad.h */ = {isa = PBXFileReference; fileEncoding = 4; lastKnownFileType = sourcecode.c.h; path = ofxUI2DPad.h; sourceTree = "<group>"; };
		5B297B8718EF31F1006B7D16 /* ofxUIBaseDraws.cpp */ = {isa = PBXFileReference; fileEncoding = 4; lastKnownFileType = sourcecode.cpp.cpp; path = ofxUIBaseDraws.cpp; sourceTree = "<group>"; };
		5B297B8818EF31F1006B7D16 /* ofxUIBaseDraws.h */ = {isa = PBXFileReference; fileEncoding = 4; lastKnownFileType = sourcecode.c.h; path = ofxUIBaseDraws.h; sourceTree = "<group>"; };
		5B297B8918EF31F1006B7D16 /* ofxUIBiLabelSlider.cpp */ = {isa = PBXFileReference; fileEncoding = 4; lastKnownFileType = sourcecode.cpp.cpp; path = ofxUIBiLabelSlider.cpp; sourceTree = "<group>"; };
		5B297B8A18EF31F1006B7D16 /* ofxUIBiLabelSlider.h */ = {isa = PBXFileReference; fileEncoding = 4; lastKnownFileType = sourcecode.c.h; path = ofxUIBiLabelSlider.h; sourceTree = "<group>"; };
		5B297B8B18EF31F1006B7D16 /* ofxUIButton.cpp */ = {isa = PBXFileReference; fileEncoding = 4; lastKnownFileType = sourcecode.cpp.cpp; path = ofxUIButton.cpp; sourceTree = "<group>"; };
		5B297B8C18EF31F1006B7D16 /* ofxUIButton.h */ = {isa = PBXFileReference; fileEncoding = 4; lastKnownFileType = sourcecode.c.h; path = ofxUIButton.h; sourceTree = "<group>"; };
		5B297B8D18EF31F1006B7D16 /* ofxUICanvas.cpp */ = {isa = PBXFileReference; fileEncoding = 4; lastKnownFileType = sourcecode.cpp.cpp; path = ofxUICanvas.cpp; sourceTree = "<group>"; };
		5B297B8E18EF31F1006B7D16 /* ofxUICanvas.h */ = {isa = PBXFileReference; fileEncoding = 4; lastKnownFileType = sourcecode.c.h; path = ofxUICanvas.h; sourceTree = "<group>"; };
		5B297B8F18EF31F1006B7D16 /* ofxUICircleSlider.cpp */ = {isa = PBXFileReference; fileEncoding = 4; lastKnownFileType = sourcecode.cpp.cpp; path = ofxUICircleSlider.cpp; sourceTree = "<group>"; };
		5B297B9018EF31F1006B7D16 /* ofxUICircleSlider.h */ = {isa = PBXFileReference; fileEncoding = 4; lastKnownFileType = sourcecode.c.h; path = ofxUICircleSlider.h; sourceTree = "<group>"; };
		5B297B9118EF31F1006B7D16 /* ofxUICustomImageButton.cpp */ = {isa = PBXFileReference; fileEncoding = 4; lastKnownFileType = sourcecode.cpp.cpp; path = ofxUICustomImageButton.cpp; sourceTree = "<group>"; };
		5B297B9218EF31F1006B7D16 /* ofxUICustomImageButton.h */ = {isa = PBXFileReference; fileEncoding = 4; lastKnownFileType = sourcecode.c.h; path = ofxUICustomImageButton.h; sourceTree = "<group>"; };
		5B297B9318EF31F1006B7D16 /* ofxUIDefines.h */ = {isa = PBXFileReference; fileEncoding = 4; lastKnownFileType = sourcecode.c.h; path = ofxUIDefines.h; sourceTree = "<group>"; };
		5B297B9418EF31F1006B7D16 /* ofxUIDragableLabelButton.cpp */ = {isa = PBXFileReference; fileEncoding = 4; lastKnownFileType = sourcecode.cpp.cpp; path = ofxUIDragableLabelButton.cpp; sourceTree = "<group>"; };
		5B297B9518EF31F1006B7D16 /* ofxUIDragableLabelButton.h */ = {isa = PBXFileReference; fileEncoding = 4; lastKnownFileType = sourcecode.c.h; path = ofxUIDragableLabelButton.h; sourceTree = "<group>"; };
		5B297B9618EF31F1006B7D16 /* ofxUIDropDownList.cpp */ = {isa = PBXFileReference; fileEncoding = 4; lastKnownFileType = sourcecode.cpp.cpp; path = ofxUIDropDownList.cpp; sourceTree = "<group>"; };
		5B297B9718EF31F1006B7D16 /* ofxUIDropDownList.h */ = {isa = PBXFileReference; fileEncoding = 4; lastKnownFileType = sourcecode.c.h; path = ofxUIDropDownList.h; sourceTree = "<group>"; };
		5B297B9818EF31F1006B7D16 /* ofxUIEventArgs.cpp */ = {isa = PBXFileReference; fileEncoding = 4; lastKnownFileType = sourcecode.cpp.cpp; path = ofxUIEventArgs.cpp; sourceTree = "<group>"; };
		5B297B9918EF31F1006B7D16 /* ofxUIEventArgs.h */ = {isa = PBXFileReference; fileEncoding = 4; lastKnownFileType = sourcecode.c.h; path = ofxUIEventArgs.h; sourceTree = "<group>"; };
		5B297B9A18EF31F1006B7D16 /* ofxUIFPS.cpp */ = {isa = PBXFileReference; fileEncoding = 4; lastKnownFileType = sourcecode.cpp.cpp; path = ofxUIFPS.cpp; sourceTree = "<group>"; };
		5B297B9B18EF31F1006B7D16 /* ofxUIFPS.h */ = {isa = PBXFileReference; fileEncoding = 4; lastKnownFileType = sourcecode.c.h; path = ofxUIFPS.h; sourceTree = "<group>"; };
		5B297B9C18EF31F1006B7D16 /* ofxUIFPSSlider.cpp */ = {isa = PBXFileReference; fileEncoding = 4; lastKnownFileType = sourcecode.cpp.cpp; path = ofxUIFPSSlider.cpp; sourceTree = "<group>"; };
		5B297B9D18EF31F1006B7D16 /* ofxUIFPSSlider.h */ = {isa = PBXFileReference; fileEncoding = 4; lastKnownFileType = sourcecode.c.h; path = ofxUIFPSSlider.h; sourceTree = "<group>"; };
		5B297B9E18EF31F1006B7D16 /* ofxUIImage.cpp */ = {isa = PBXFileReference; fileEncoding = 4; lastKnownFileType = sourcecode.cpp.cpp; path = ofxUIImage.cpp; sourceTree = "<group>"; };
		5B297B9F18EF31F1006B7D16 /* ofxUIImage.h */ = {isa = PBXFileReference; fileEncoding = 4; lastKnownFileType = sourcecode.c.h; path = ofxUIImage.h; sourceTree = "<group>"; };
		5B297BA018EF31F1006B7D16 /* ofxUIImageButton.cpp */ = {isa = PBXFileReference; fileEncoding = 4; lastKnownFileType = sourcecode.cpp.cpp; path = ofxUIImageButton.cpp; sourceTree = "<group>"; };
		5B297BA118EF31F1006B7D16 /* ofxUIImageButton.h */ = {isa = PBXFileReference; fileEncoding = 4; lastKnownFileType = sourcecode.c.h; path = ofxUIImageButton.h; sourceTree = "<group>"; };
		5B297BA218EF31F1006B7D16 /* ofxUIImageSampler.cpp */ = {isa = PBXFileReference; fileEncoding = 4; lastKnownFileType = sourcecode.cpp.cpp; path = ofxUIImageSampler.cpp; sourceTree = "<group>"; };
		5B297BA318EF31F1006B7D16 /* ofxUIImageSampler.h */ = {isa = PBXFileReference; fileEncoding = 4; lastKnownFileType = sourcecode.c.h; path = ofxUIImageSampler.h; sourceTree = "<group>"; };
		5B297BA418EF31F1006B7D16 /* ofxUIImageSlider.cpp */ = {isa = PBXFileReference; fileEncoding = 4; lastKnownFileType = sourcecode.cpp.cpp; path = ofxUIImageSlider.cpp; sourceTree = "<group>"; };
		5B297BA518EF31F1006B7D16 /* ofxUIImageSlider.h */ = {isa = PBXFileReference; fileEncoding = 4; lastKnownFileType = sourcecode.c.h; path = ofxUIImageSlider.h; sourceTree = "<group>"; };
		5B297BA618EF31F1006B7D16 /* ofxUIImageToggle.cpp */ = {isa = PBXFileReference; fileEncoding = 4; lastKnownFileType = sourcecode.cpp.cpp; path = ofxUIImageToggle.cpp; sourceTree = "<group>"; };
		5B297BA718EF31F1006B7D16 /* ofxUIImageToggle.h */ = {isa = PBXFileReference; fileEncoding = 4; lastKnownFileType = sourcecode.c.h; path = ofxUIImageToggle.h; sourceTree = "<group>"; };
		5B297BA818EF31F1006B7D16 /* ofxUIIntSlider.cpp */ = {isa = PBXFileReference; fileEncoding = 4; lastKnownFileType = sourcecode.cpp.cpp; path = ofxUIIntSlider.cpp; sourceTree = "<group>"; };
		5B297BA918EF31F1006B7D16 /* ofxUIIntSlider.h */ = {isa = PBXFileReference; fileEncoding = 4; lastKnownFileType = sourcecode.c.h; path = ofxUIIntSlider.h; sourceTree = "<group>"; };
		5B297BAA18EF31F1006B7D16 /* ofxUILabel.cpp */ = {isa = PBXFileReference; fileEncoding = 4; lastKnownFileType = sourcecode.cpp.cpp; path = ofxUILabel.cpp; sourceTree = "<group>"; };
		5B297BAB18EF31F1006B7D16 /* ofxUILabel.h */ = {isa = PBXFileReference; fileEncoding = 4; lastKnownFileType = sourcecode.c.h; path = ofxUILabel.h; sourceTree = "<group>"; };
		5B297BAC18EF31F1006B7D16 /* ofxUILabelButton.cpp */ = {isa = PBXFileReference; fileEncoding = 4; lastKnownFileType = sourcecode.cpp.cpp; path = ofxUILabelButton.cpp; sourceTree = "<group>"; };
		5B297BAD18EF31F1006B7D16 /* ofxUILabelButton.h */ = {isa = PBXFileReference; fileEncoding = 4; lastKnownFileType = sourcecode.c.h; path = ofxUILabelButton.h; sourceTree = "<group>"; };
		5B297BAE18EF31F1006B7D16 /* ofxUILabelToggle.cpp */ = {isa = PBXFileReference; fileEncoding = 4; lastKnownFileType = sourcecode.cpp.cpp; path = ofxUILabelToggle.cpp; sourceTree = "<group>"; };
		5B297BAF18EF31F1006B7D16 /* ofxUILabelToggle.h */ = {isa = PBXFileReference; fileEncoding = 4; lastKnownFileType = sourcecode.c.h; path = ofxUILabelToggle.h; sourceTree = "<group>"; };
		5B297BB018EF31F1006B7D16 /* ofxUIMinimalSlider.cpp */ = {isa = PBXFileReference; fileEncoding = 4; lastKnownFileType = sourcecode.cpp.cpp; path = ofxUIMinimalSlider.cpp; sourceTree = "<group>"; };
		5B297BB118EF31F1006B7D16 /* ofxUIMinimalSlider.h */ = {isa = PBXFileReference; fileEncoding = 4; lastKnownFileType = sourcecode.c.h; path = ofxUIMinimalSlider.h; sourceTree = "<group>"; };
		5B297BB218EF31F1006B7D16 /* ofxUIMovingGraph.cpp */ = {isa = PBXFileReference; fileEncoding = 4; lastKnownFileType = sourcecode.cpp.cpp; path = ofxUIMovingGraph.cpp; sourceTree = "<group>"; };
		5B297BB318EF31F1006B7D16 /* ofxUIMovingGraph.h */ = {isa = PBXFileReference; fileEncoding = 4; lastKnownFileType = sourcecode.c.h; path = ofxUIMovingGraph.h; sourceTree = "<group>"; };
		5B297BB418EF31F1006B7D16 /* ofxUIMultiImageButton.cpp */ = {isa = PBXFileReference; fileEncoding = 4; lastKnownFileType = sourcecode.cpp.cpp; path = ofxUIMultiImageButton.cpp; sourceTree = "<group>"; };
		5B297BB518EF31F1006B7D16 /* ofxUIMultiImageButton.h */ = {isa = PBXFileReference; fileEncoding = 4; lastKnownFileType = sourcecode.c.h; path = ofxUIMultiImageButton.h; sourceTree = "<group>"; };
		5B297BB618EF31F1006B7D16 /* ofxUIMultiImageToggle.cpp */ = {isa = PBXFileReference; fileEncoding = 4; lastKnownFileType = sourcecode.cpp.cpp; path = ofxUIMultiImageToggle.cpp; sourceTree = "<group>"; };
		5B297BB718EF31F1006B7D16 /* ofxUIMultiImageToggle.h */ = {isa = PBXFileReference; fileEncoding = 4; lastKnownFileType = sourcecode.c.h; path = ofxUIMultiImageToggle.h; sourceTree = "<group>"; };
		5B297BB818EF31F1006B7D16 /* ofxUINumberDialer.cpp */ = {isa = PBXFileReference; fileEncoding = 4; lastKnownFileType = sourcecode.cpp.cpp; path = ofxUINumberDialer.cpp; sourceTree = "<group>"; };
		5B297BB918EF31F1006B7D16 /* ofxUINumberDialer.h */ = {isa = PBXFileReference; fileEncoding = 4; lastKnownFileType = sourcecode.c.h; path = ofxUINumberDialer.h; sourceTree = "<group>"; };
		5B297BBA18EF31F1006B7D16 /* ofxUIOFWrapper.h */ = {isa = PBXFileReference; fileEncoding = 4; lastKnownFileType = sourcecode.c.h; path = ofxUIOFWrapper.h; sourceTree = "<group>"; };
		5B297BBB18EF31F1006B7D16 /* ofxUIRadio.cpp */ = {isa = PBXFileReference; fileEncoding = 4; lastKnownFileType = sourcecode.cpp.cpp; path = ofxUIRadio.cpp; sourceTree = "<group>"; };
		5B297BBC18EF31F1006B7D16 /* ofxUIRadio.h */ = {isa = PBXFileReference; fileEncoding = 4; lastKnownFileType = sourcecode.c.h; path = ofxUIRadio.h; sourceTree = "<group>"; };
		5B297BBD18EF31F1006B7D16 /* ofxUIRangeSlider.cpp */ = {isa = PBXFileReference; fileEncoding = 4; lastKnownFileType = sourcecode.cpp.cpp; path = ofxUIRangeSlider.cpp; sourceTree = "<group>"; };
		5B297BBE18EF31F1006B7D16 /* ofxUIRangeSlider.h */ = {isa = PBXFileReference; fileEncoding = 4; lastKnownFileType = sourcecode.c.h; path = ofxUIRangeSlider.h; sourceTree = "<group>"; };
		5B297BBF18EF31F1006B7D16 /* ofxUIRectangle.cpp */ = {isa = PBXFileReference; fileEncoding = 4; lastKnownFileType = sourcecode.cpp.cpp; path = ofxUIRectangle.cpp; sourceTree = "<group>"; };
		5B297BC018EF31F1006B7D16 /* ofxUIRectangle.h */ = {isa = PBXFileReference; fileEncoding = 4; lastKnownFileType = sourcecode.c.h; path = ofxUIRectangle.h; sourceTree = "<group>"; };
		5B297BC118EF31F1006B7D16 /* ofxUIRotarySlider.cpp */ = {isa = PBXFileReference; fileEncoding = 4; lastKnownFileType = sourcecode.cpp.cpp; path = ofxUIRotarySlider.cpp; sourceTree = "<group>"; };
		5B297BC218EF31F1006B7D16 /* ofxUIRotarySlider.h */ = {isa = PBXFileReference; fileEncoding = 4; lastKnownFileType = sourcecode.c.h; path = ofxUIRotarySlider.h; sourceTree = "<group>"; };
		5B297BC318EF31F1006B7D16 /* ofxUIScrollableCanvas.cpp */ = {isa = PBXFileReference; fileEncoding = 4; lastKnownFileType = sourcecode.cpp.cpp; path = ofxUIScrollableCanvas.cpp; sourceTree = "<group>"; };
		5B297BC418EF31F1006B7D16 /* ofxUIScrollableCanvas.h */ = {isa = PBXFileReference; fileEncoding = 4; lastKnownFileType = sourcecode.c.h; path = ofxUIScrollableCanvas.h; sourceTree = "<group>"; };
		5B297BC518EF31F1006B7D16 /* ofxUISlider.cpp */ = {isa = PBXFileReference; fileEncoding = 4; lastKnownFileType = sourcecode.cpp.cpp; path = ofxUISlider.cpp; sourceTree = "<group>"; };
		5B297BC618EF31F1006B7D16 /* ofxUISlider.h */ = {isa = PBXFileReference; fileEncoding = 4; lastKnownFileType = sourcecode.c.h; path = ofxUISlider.h; sourceTree = "<group>"; };
		5B297BC718EF31F1006B7D16 /* ofxUISortableList.cpp */ = {isa = PBXFileReference; fileEncoding = 4; lastKnownFileType = sourcecode.cpp.cpp; path = ofxUISortableList.cpp; sourceTree = "<group>"; };
		5B297BC818EF31F1006B7D16 /* ofxUISortableList.h */ = {isa = PBXFileReference; fileEncoding = 4; lastKnownFileType = sourcecode.c.h; path = ofxUISortableList.h; sourceTree = "<group>"; };
		5B297BC918EF31F1006B7D16 /* ofxUISpacer.cpp */ = {isa = PBXFileReference; fileEncoding = 4; lastKnownFileType = sourcecode.cpp.cpp; path = ofxUISpacer.cpp; sourceTree = "<group>"; };
		5B297BCA18EF31F1006B7D16 /* ofxUISpacer.h */ = {isa = PBXFileReference; fileEncoding = 4; lastKnownFileType = sourcecode.c.h; path = ofxUISpacer.h; sourceTree = "<group>"; };
		5B297BCB18EF31F1006B7D16 /* ofxUISpectrum.cpp */ = {isa = PBXFileReference; fileEncoding = 4; lastKnownFileType = sourcecode.cpp.cpp; path = ofxUISpectrum.cpp; sourceTree = "<group>"; };
		5B297BCC18EF31F1006B7D16 /* ofxUISpectrum.h */ = {isa = PBXFileReference; fileEncoding = 4; lastKnownFileType = sourcecode.c.h; path = ofxUISpectrum.h; sourceTree = "<group>"; };
		5B297BCD18EF31F1006B7D16 /* ofxUISuperCanvas.cpp */ = {isa = PBXFileReference; fileEncoding = 4; lastKnownFileType = sourcecode.cpp.cpp; path = ofxUISuperCanvas.cpp; sourceTree = "<group>"; };
		5B297BCE18EF31F1006B7D16 /* ofxUISuperCanvas.h */ = {isa = PBXFileReference; fileEncoding = 4; lastKnownFileType = sourcecode.c.h; path = ofxUISuperCanvas.h; sourceTree = "<group>"; };
		5B297BCF18EF31F1006B7D16 /* ofxUITabBar.cpp */ = {isa = PBXFileReference; fileEncoding = 4; lastKnownFileType = sourcecode.cpp.cpp; path = ofxUITabBar.cpp; sourceTree = "<group>"; };
		5B297BD018EF31F1006B7D16 /* ofxUITabBar.h */ = {isa = PBXFileReference; fileEncoding = 4; lastKnownFileType = sourcecode.c.h; path = ofxUITabBar.h; sourceTree = "<group>"; };
		5B297BD118EF31F1006B7D16 /* ofxUITextArea.cpp */ = {isa = PBXFileReference; fileEncoding = 4; lastKnownFileType = sourcecode.cpp.cpp; path = ofxUITextArea.cpp; sourceTree = "<group>"; };
		5B297BD218EF31F1006B7D16 /* ofxUITextArea.h */ = {isa = PBXFileReference; fileEncoding = 4; lastKnownFileType = sourcecode.c.h; path = ofxUITextArea.h; sourceTree = "<group>"; };
		5B297BD318EF31F1006B7D16 /* ofxUITextInput.cpp */ = {isa = PBXFileReference; fileEncoding = 4; lastKnownFileType = sourcecode.cpp.cpp; path = ofxUITextInput.cpp; sourceTree = "<group>"; };
		5B297BD418EF31F1006B7D16 /* ofxUITextInput.h */ = {isa = PBXFileReference; fileEncoding = 4; lastKnownFileType = sourcecode.c.h; path = ofxUITextInput.h; sourceTree = "<group>"; };
		5B297BD518EF31F1006B7D16 /* ofxUIToggle.cpp */ = {isa = PBXFileReference; fileEncoding = 4; lastKnownFileType = sourcecode.cpp.cpp; path = ofxUIToggle.cpp; sourceTree = "<group>"; };
		5B297BD618EF31F1006B7D16 /* ofxUIToggle.h */ = {isa = PBXFileReference; fileEncoding = 4; lastKnownFileType = sourcecode.c.h; path = ofxUIToggle.h; sourceTree = "<group>"; };
		5B297BD718EF31F1006B7D16 /* ofxUIToggleMatrix.cpp */ = {isa = PBXFileReference; fileEncoding = 4; lastKnownFileType = sourcecode.cpp.cpp; path = ofxUIToggleMatrix.cpp; sourceTree = "<group>"; };
		5B297BD818EF31F1006B7D16 /* ofxUIToggleMatrix.h */ = {isa = PBXFileReference; fileEncoding = 4; lastKnownFileType = sourcecode.c.h; path = ofxUIToggleMatrix.h; sourceTree = "<group>"; };
		5B297BD918EF31F1006B7D16 /* ofxUIUtils.h */ = {isa = PBXFileReference; fileEncoding = 4; lastKnownFileType = sourcecode.c.h; path = ofxUIUtils.h; sourceTree = "<group>"; };
		5B297BDA18EF31F1006B7D16 /* ofxUIValuePlotter.cpp */ = {isa = PBXFileReference; fileEncoding = 4; lastKnownFileType = sourcecode.cpp.cpp; path = ofxUIValuePlotter.cpp; sourceTree = "<group>"; };
		5B297BDB18EF31F1006B7D16 /* ofxUIValuePlotter.h */ = {isa = PBXFileReference; fileEncoding = 4; lastKnownFileType = sourcecode.c.h; path = ofxUIValuePlotter.h; sourceTree = "<group>"; };
		5B297BDC18EF31F1006B7D16 /* ofxUIWaveform.cpp */ = {isa = PBXFileReference; fileEncoding = 4; lastKnownFileType = sourcecode.cpp.cpp; path = ofxUIWaveform.cpp; sourceTree = "<group>"; };
		5B297BDD18EF31F1006B7D16 /* ofxUIWaveform.h */ = {isa = PBXFileReference; fileEncoding = 4; lastKnownFileType = sourcecode.c.h; path = ofxUIWaveform.h; sourceTree = "<group>"; };
		5B297BDE18EF31F1006B7D16 /* ofxUIWidget.cpp */ = {isa = PBXFileReference; fileEncoding = 4; lastKnownFileType = sourcecode.cpp.cpp; path = ofxUIWidget.cpp; sourceTree = "<group>"; };
		5B297BDF18EF31F1006B7D16 /* ofxUIWidget.h */ = {isa = PBXFileReference; fileEncoding = 4; lastKnownFileType = sourcecode.c.h; path = ofxUIWidget.h; sourceTree = "<group>"; };
		5B297BE018EF31F1006B7D16 /* ofxUIWidgetWithLabel.cpp */ = {isa = PBXFileReference; fileEncoding = 4; lastKnownFileType = sourcecode.cpp.cpp; path = ofxUIWidgetWithLabel.cpp; sourceTree = "<group>"; };
		5B297BE118EF31F1006B7D16 /* ofxUIWidgetWithLabel.h */ = {isa = PBXFileReference; fileEncoding = 4; lastKnownFileType = sourcecode.c.h; path = ofxUIWidgetWithLabel.h; sourceTree = "<group>"; };
		5B297BE218EF31F1006B7D16 /* ofxUIWrapper.h */ = {isa = PBXFileReference; fileEncoding = 4; lastKnownFileType = sourcecode.c.h; path = ofxUIWrapper.h; sourceTree = "<group>"; };
		62E561F228DA38E916AD82A4 /* tinyxmlerror.cpp */ = {isa = PBXFileReference; explicitFileType = sourcecode.cpp.cpp; fileEncoding = 30; name = tinyxmlerror.cpp; path = ../of_v0.8.1_osx_release/addons/ofxXmlSettings/libs/tinyxmlerror.cpp; sourceTree = SOURCE_ROOT; };
		7AE44441C3ED6FF64A73CF5B /* ofxTangibleHandle.h */ = {isa = PBXFileReference; explicitFileType = sourcecode.c.h; fileEncoding = 30; name = ofxTangibleHandle.h; path = ../of_v0.8.1_osx_release/addons/ofxTangibleUI/src/ofxTangibleHandle.h; sourceTree = SOURCE_ROOT; };
		83EB2E11A82E497C77C88ECA /* ofxTangibleToggle.h */ = {isa = PBXFileReference; explicitFileType = sourcecode.c.h; fileEncoding = 30; name = ofxTangibleToggle.h; path = ../of_v0.8.1_osx_release/addons/ofxTangibleUI/src/ofxTangibleToggle.h; sourceTree = SOURCE_ROOT; };
		84F2E1C4F3ADC8727F705F80 /* ofxTangibleCore.h */ = {isa = PBXFileReference; explicitFileType = sourcecode.c.h; fileEncoding = 30; name = ofxTangibleCore.h; path = ../of_v0.8.1_osx_release/addons/ofxTangibleUI/src/ofxTangibleCore.h; sourceTree = SOURCE_ROOT; };
		8A326899E275E133F5B78916 /* ofxTangibleBezierControl.cpp */ = {isa = PBXFileReference; explicitFileType = sourcecode.cpp.cpp; fileEncoding = 30; name = ofxTangibleBezierControl.cpp; path = ../of_v0.8.1_osx_release/addons/ofxTangibleUI/src/exampleControls/bezier/ofxTangibleBezierControl.cpp; sourceTree = SOURCE_ROOT; };
		8CC4CE9A61529AC896229E53 /* ofxTangibleBezierHelper.cpp */ = {isa = PBXFileReference; explicitFileType = sourcecode.cpp.cpp; fileEncoding = 30; name = ofxTangibleBezierHelper.cpp; path = ../of_v0.8.1_osx_release/addons/ofxTangibleUI/src/exampleControls/bezier/ofxTangibleBezierHelper.cpp; sourceTree = SOURCE_ROOT; };
		933ED693354272BB5F2671F7 /* tinyxml.h */ = {isa = PBXFileReference; explicitFileType = sourcecode.c.h; fileEncoding = 30; name = tinyxml.h; path = ../of_v0.8.1_osx_release/addons/ofxXmlSettings/libs/tinyxml.h; sourceTree = SOURCE_ROOT; };
		97C346A35C13B455ED17B33D /* ofxTangibleBezier.cpp */ = {isa = PBXFileReference; explicitFileType = sourcecode.cpp.cpp; fileEncoding = 30; name = ofxTangibleBezier.cpp; path = ../of_v0.8.1_osx_release/addons/ofxTangibleUI/src/exampleControls/bezier/ofxTangibleBezier.cpp; sourceTree = SOURCE_ROOT; };
		9A8CAB853C43F09F62C16BD3 /* ofxTangibleBezier.h */ = {isa = PBXFileReference; explicitFileType = sourcecode.c.h; fileEncoding = 30; name = ofxTangibleBezier.h; path = ../of_v0.8.1_osx_release/addons/ofxTangibleUI/src/exampleControls/bezier/ofxTangibleBezier.h; sourceTree = SOURCE_ROOT; };
		9D0B6172FA41ED212CA01C91 /* ofxTimeline.cpp */ = {isa = PBXFileReference; explicitFileType = sourcecode.cpp.cpp; fileEncoding = 30; name = ofxTimeline.cpp; path = ../of_v0.8.1_osx_release/addons/ofxTangibleUI/src/exampleControls/ofxTimeline.cpp; sourceTree = SOURCE_ROOT; };
		AC63E2DE7C19A742E8EB4147 /* ofxTransmitter.cpp */ = {isa = PBXFileReference; explicitFileType = sourcecode.cpp.cpp; fileEncoding = 30; name = ofxTransmitter.cpp; path = ../of_v0.8.1_osx_release/addons/ofxTangibleUI/src/ofxTransmitter.cpp; sourceTree = SOURCE_ROOT; };
		B3589C0292318E6126A86AB2 /* ofxXmlSettings.cpp */ = {isa = PBXFileReference; explicitFileType = sourcecode.cpp.cpp; fileEncoding = 30; name = ofxXmlSettings.cpp; path = ../of_v0.8.1_osx_release/addons/ofxXmlSettings/src/ofxXmlSettings.cpp; sourceTree = SOURCE_ROOT; };
		BBAB23BE13894E4700AA2426 /* GLUT.framework */ = {isa = PBXFileReference; lastKnownFileType = wrapper.framework; name = GLUT.framework; path = ../of_v0.8.1_osx_release/libs/glut/lib/osx/GLUT.framework; sourceTree = "<group>"; };
		BBBCC8EEA69482FBD867949E /* tinyxml.cpp */ = {isa = PBXFileReference; explicitFileType = sourcecode.cpp.cpp; fileEncoding = 30; name = tinyxml.cpp; path = ../of_v0.8.1_osx_release/addons/ofxXmlSettings/libs/tinyxml.cpp; sourceTree = SOURCE_ROOT; };
		BF50F3FFDAC1F530CCA62D68 /* ofxTangibleValue.cpp */ = {isa = PBXFileReference; explicitFileType = sourcecode.cpp.cpp; fileEncoding = 30; name = ofxTangibleValue.cpp; path = ../of_v0.8.1_osx_release/addons/ofxTangibleUI/src/exampleControls/ofxTangibleValue.cpp; sourceTree = SOURCE_ROOT; };
		C3BAE3A5C715D4D40AE21E3E /* ofxTangibleHandle.cpp */ = {isa = PBXFileReference; explicitFileType = sourcecode.cpp.cpp; fileEncoding = 30; name = ofxTangibleHandle.cpp; path = ../of_v0.8.1_osx_release/addons/ofxTangibleUI/src/ofxTangibleHandle.cpp; sourceTree = SOURCE_ROOT; };
		C84DF46390FBA6EFE5215AAA /* ofxPositioningContainer.cpp */ = {isa = PBXFileReference; explicitFileType = sourcecode.cpp.cpp; fileEncoding = 30; name = ofxPositioningContainer.cpp; path = ../of_v0.8.1_osx_release/addons/ofxTangibleUI/src/exampleControls/ofxPositioningContainer.cpp; sourceTree = SOURCE_ROOT; };
		CB211826074E8B8448C5A800 /* ofxTangibleToggle.cpp */ = {isa = PBXFileReference; explicitFileType = sourcecode.cpp.cpp; fileEncoding = 30; name = ofxTangibleToggle.cpp; path = ../of_v0.8.1_osx_release/addons/ofxTangibleUI/src/ofxTangibleToggle.cpp; sourceTree = SOURCE_ROOT; };
		D38CB0892D9D8B87E7E16D31 /* ofxTangibleSlider.h */ = {isa = PBXFileReference; explicitFileType = sourcecode.c.h; fileEncoding = 30; name = ofxTangibleSlider.h; path = ../of_v0.8.1_osx_release/addons/ofxTangibleUI/src/exampleControls/ofxTangibleSlider.h; sourceTree = SOURCE_ROOT; };
		D4590D105FB9652E0B44E3FC /* ofxPositioningContainer.h */ = {isa = PBXFileReference; explicitFileType = sourcecode.c.h; fileEncoding = 30; name = ofxPositioningContainer.h; path = ../of_v0.8.1_osx_release/addons/ofxTangibleUI/src/exampleControls/ofxPositioningContainer.h; sourceTree = SOURCE_ROOT; };
		E1B831C3CE96872A1BBC5047 /* ofxTangibleBezierControl.h */ = {isa = PBXFileReference; explicitFileType = sourcecode.c.h; fileEncoding = 30; name = ofxTangibleBezierControl.h; path = ../of_v0.8.1_osx_release/addons/ofxTangibleUI/src/exampleControls/bezier/ofxTangibleBezierControl.h; sourceTree = SOURCE_ROOT; };
		E4328143138ABC890047C5CB /* openFrameworksLib.xcodeproj */ = {isa = PBXFileReference; lastKnownFileType = "wrapper.pb-project"; name = openFrameworksLib.xcodeproj; path = ../of_v0.8.1_osx_release/libs/openFrameworksCompiled/project/osx/openFrameworksLib.xcodeproj; sourceTree = SOURCE_ROOT; };
		E45BE9710E8CC7DD009D7055 /* AGL.framework */ = {isa = PBXFileReference; lastKnownFileType = wrapper.framework; name = AGL.framework; path = /System/Library/Frameworks/AGL.framework; sourceTree = "<absolute>"; };
		E45BE9720E8CC7DD009D7055 /* ApplicationServices.framework */ = {isa = PBXFileReference; lastKnownFileType = wrapper.framework; name = ApplicationServices.framework; path = /System/Library/Frameworks/ApplicationServices.framework; sourceTree = "<absolute>"; };
		E45BE9730E8CC7DD009D7055 /* AudioToolbox.framework */ = {isa = PBXFileReference; lastKnownFileType = wrapper.framework; name = AudioToolbox.framework; path = /System/Library/Frameworks/AudioToolbox.framework; sourceTree = "<absolute>"; };
		E45BE9750E8CC7DD009D7055 /* CoreAudio.framework */ = {isa = PBXFileReference; lastKnownFileType = wrapper.framework; name = CoreAudio.framework; path = /System/Library/Frameworks/CoreAudio.framework; sourceTree = "<absolute>"; };
		E45BE9760E8CC7DD009D7055 /* CoreFoundation.framework */ = {isa = PBXFileReference; lastKnownFileType = wrapper.framework; name = CoreFoundation.framework; path = /System/Library/Frameworks/CoreFoundation.framework; sourceTree = "<absolute>"; };
		E45BE9770E8CC7DD009D7055 /* CoreServices.framework */ = {isa = PBXFileReference; lastKnownFileType = wrapper.framework; name = CoreServices.framework; path = /System/Library/Frameworks/CoreServices.framework; sourceTree = "<absolute>"; };
		E45BE9790E8CC7DD009D7055 /* OpenGL.framework */ = {isa = PBXFileReference; lastKnownFileType = wrapper.framework; name = OpenGL.framework; path = /System/Library/Frameworks/OpenGL.framework; sourceTree = "<absolute>"; };
		E45BE97A0E8CC7DD009D7055 /* QuickTime.framework */ = {isa = PBXFileReference; lastKnownFileType = wrapper.framework; name = QuickTime.framework; path = /System/Library/Frameworks/QuickTime.framework; sourceTree = "<absolute>"; };
		E4B69B5B0A3A1756003C02F2 /* streetlightDebug.app */ = {isa = PBXFileReference; explicitFileType = wrapper.application; includeInIndex = 0; path = streetlightDebug.app; sourceTree = BUILT_PRODUCTS_DIR; };
		E4B69E1D0A3A1BDC003C02F2 /* main.cpp */ = {isa = PBXFileReference; fileEncoding = 30; lastKnownFileType = sourcecode.cpp.cpp; name = main.cpp; path = src/main.cpp; sourceTree = SOURCE_ROOT; };
		E4B69E1E0A3A1BDC003C02F2 /* ckvdApp.cpp */ = {isa = PBXFileReference; explicitFileType = sourcecode.cpp.cpp; fileEncoding = 30; name = ckvdApp.cpp; path = src/ckvdApp.cpp; sourceTree = SOURCE_ROOT; };
		E4B69E1F0A3A1BDC003C02F2 /* ckvdApp.h */ = {isa = PBXFileReference; fileEncoding = 30; lastKnownFileType = sourcecode.c.h; name = ckvdApp.h; path = src/ckvdApp.h; sourceTree = SOURCE_ROOT; };
		E4B6FCAD0C3E899E008CF71C /* openFrameworks-Info.plist */ = {isa = PBXFileReference; fileEncoding = 30; lastKnownFileType = text.plist.xml; path = "openFrameworks-Info.plist"; sourceTree = "<group>"; };
		E4C2424410CC5A17004149E2 /* AppKit.framework */ = {isa = PBXFileReference; lastKnownFileType = wrapper.framework; name = AppKit.framework; path = /System/Library/Frameworks/AppKit.framework; sourceTree = "<absolute>"; };
		E4C2424510CC5A17004149E2 /* Cocoa.framework */ = {isa = PBXFileReference; lastKnownFileType = wrapper.framework; name = Cocoa.framework; path = /System/Library/Frameworks/Cocoa.framework; sourceTree = "<absolute>"; };
		E4C2424610CC5A17004149E2 /* IOKit.framework */ = {isa = PBXFileReference; lastKnownFileType = wrapper.framework; name = IOKit.framework; path = /System/Library/Frameworks/IOKit.framework; sourceTree = "<absolute>"; };
		E4EB691F138AFCF100A09F29 /* CoreOF.xcconfig */ = {isa = PBXFileReference; fileEncoding = 4; lastKnownFileType = text.xcconfig; name = CoreOF.xcconfig; path = ../of_v0.8.1_osx_release/libs/openFrameworksCompiled/project/osx/CoreOF.xcconfig; sourceTree = SOURCE_ROOT; };
		E4EB6923138AFD0F00A09F29 /* Project.xcconfig */ = {isa = PBXFileReference; fileEncoding = 4; lastKnownFileType = text.xcconfig; path = Project.xcconfig; sourceTree = "<group>"; };
		E58FE091C2915130782ACDBF /* ofxListener.cpp */ = {isa = PBXFileReference; explicitFileType = sourcecode.cpp.cpp; fileEncoding = 30; name = ofxListener.cpp; path = ../of_v0.8.1_osx_release/addons/ofxTangibleUI/src/ofxListener.cpp; sourceTree = SOURCE_ROOT; };
		E7E077E415D3B63C0020DFD4 /* CoreVideo.framework */ = {isa = PBXFileReference; lastKnownFileType = wrapper.framework; name = CoreVideo.framework; path = /System/Library/Frameworks/CoreVideo.framework; sourceTree = "<absolute>"; };
		E7E077E715D3B6510020DFD4 /* QTKit.framework */ = {isa = PBXFileReference; lastKnownFileType = wrapper.framework; name = QTKit.framework; path = /System/Library/Frameworks/QTKit.framework; sourceTree = "<absolute>"; };
		E7F985F515E0DE99003869B5 /* Accelerate.framework */ = {isa = PBXFileReference; lastKnownFileType = wrapper.framework; name = Accelerate.framework; path = /System/Library/Frameworks/Accelerate.framework; sourceTree = "<absolute>"; };
		EE4B75E71C5CE78C11A70364 /* ofxXmlSettings.h */ = {isa = PBXFileReference; explicitFileType = sourcecode.c.h; fileEncoding = 30; name = ofxXmlSettings.h; path = ../of_v0.8.1_osx_release/addons/ofxXmlSettings/src/ofxXmlSettings.h; sourceTree = SOURCE_ROOT; };
		EE8581E364E8E41AA02CE2B4 /* ofxTimeline.h */ = {isa = PBXFileReference; explicitFileType = sourcecode.c.h; fileEncoding = 30; name = ofxTimeline.h; path = ../of_v0.8.1_osx_release/addons/ofxTangibleUI/src/exampleControls/ofxTimeline.h; sourceTree = SOURCE_ROOT; };
		EED83282B3053FEED70D08E1 /* ofxRotaryKnob.cpp */ = {isa = PBXFileReference; explicitFileType = sourcecode.cpp.cpp; fileEncoding = 30; name = ofxRotaryKnob.cpp; path = ../of_v0.8.1_osx_release/addons/ofxTangibleUI/src/exampleControls/ofxRotaryKnob.cpp; sourceTree = SOURCE_ROOT; };
		F9AD24C6D0A8FF23B2587924 /* ofxTangibleImage.cpp */ = {isa = PBXFileReference; explicitFileType = sourcecode.cpp.cpp; fileEncoding = 30; name = ofxTangibleImage.cpp; path = ../of_v0.8.1_osx_release/addons/ofxTangibleUI/src/exampleControls/ofxTangibleImage.cpp; sourceTree = SOURCE_ROOT; };
		FE7E785B328CEF23E6D26FDA /* ofxRotaryKnob.h */ = {isa = PBXFileReference; explicitFileType = sourcecode.c.h; fileEncoding = 30; name = ofxRotaryKnob.h; path = ../of_v0.8.1_osx_release/addons/ofxTangibleUI/src/exampleControls/ofxRotaryKnob.h; sourceTree = SOURCE_ROOT; };
/* End PBXFileReference section */

/* Begin PBXFrameworksBuildPhase section */
		E4B69B590A3A1756003C02F2 /* Frameworks */ = {
			isa = PBXFrameworksBuildPhase;
			buildActionMask = 2147483647;
			files = (
				E7F985F815E0DEA3003869B5 /* Accelerate.framework in Frameworks */,
				E7E077E815D3B6510020DFD4 /* QTKit.framework in Frameworks */,
				5B297B7518EE5388006B7D16 /* Syphon.framework in Frameworks */,
				E4EB6799138ADC1D00A09F29 /* GLUT.framework in Frameworks */,
				E4328149138ABC9F0047C5CB /* openFrameworksDebug.a in Frameworks */,
				E45BE97B0E8CC7DD009D7055 /* AGL.framework in Frameworks */,
				E45BE97C0E8CC7DD009D7055 /* ApplicationServices.framework in Frameworks */,
				E45BE97D0E8CC7DD009D7055 /* AudioToolbox.framework in Frameworks */,
				E45BE97F0E8CC7DD009D7055 /* CoreAudio.framework in Frameworks */,
				E45BE9800E8CC7DD009D7055 /* CoreFoundation.framework in Frameworks */,
				E45BE9810E8CC7DD009D7055 /* CoreServices.framework in Frameworks */,
				E45BE9830E8CC7DD009D7055 /* OpenGL.framework in Frameworks */,
				E45BE9840E8CC7DD009D7055 /* QuickTime.framework in Frameworks */,
				E4C2424710CC5A17004149E2 /* AppKit.framework in Frameworks */,
				E4C2424810CC5A17004149E2 /* Cocoa.framework in Frameworks */,
				E4C2424910CC5A17004149E2 /* IOKit.framework in Frameworks */,
				E7E077E515D3B63C0020DFD4 /* CoreVideo.framework in Frameworks */,
			);
			runOnlyForDeploymentPostprocessing = 0;
		};
/* End PBXFrameworksBuildPhase section */

/* Begin PBXGroup section */
		04D882B56E971DBF6E7ECCC8 /* ofxTangibleUI */ = {
			isa = PBXGroup;
			children = (
				B9EF72090F183DAE07C90B1D /* src */,
			);
			name = ofxTangibleUI;
			sourceTree = "<group>";
		};
		1F4FB5C423662B96ADFDCC0B /* ofxXmlSettings */ = {
			isa = PBXGroup;
			children = (
				6ECEF0D76BC33727823EADFF /* src */,
				6E54289412D2D94F45A05113 /* libs */,
			);
			name = ofxXmlSettings;
			sourceTree = "<group>";
		};
		45D0292B8ED5CA1D4BD8C668 /* bezier */ = {
			isa = PBXGroup;
			children = (
				97C346A35C13B455ED17B33D /* ofxTangibleBezier.cpp */,
				9A8CAB853C43F09F62C16BD3 /* ofxTangibleBezier.h */,
				8A326899E275E133F5B78916 /* ofxTangibleBezierControl.cpp */,
				E1B831C3CE96872A1BBC5047 /* ofxTangibleBezierControl.h */,
				8CC4CE9A61529AC896229E53 /* ofxTangibleBezierHelper.cpp */,
				46AF01383CD10E18D6AACD96 /* ofxTangibleBezierHelper.h */,
			);
			name = bezier;
			sourceTree = "<group>";
		};
		5B297B4718EE5387006B7D16 /* ofxSyphon */ = {
			isa = PBXGroup;
			children = (
				5B297B6018EE5388006B7D16 /* libs */,
				5B297B6918EE5388006B7D16 /* src */,
			);
			name = ofxSyphon;
			path = ../of_v0.8.1_osx_release/addons/ofxSyphon;
			sourceTree = "<group>";
		};
		5B297B6018EE5388006B7D16 /* libs */ = {
			isa = PBXGroup;
			children = (
				5B297B6118EE5388006B7D16 /* Syphon */,
			);
			path = libs;
			sourceTree = "<group>";
		};
		5B297B6118EE5388006B7D16 /* Syphon */ = {
			isa = PBXGroup;
			children = (
				5B297B6218EE5388006B7D16 /* lib */,
				5B297B6518EE5388006B7D16 /* src */,
			);
			path = Syphon;
			sourceTree = "<group>";
		};
		5B297B6218EE5388006B7D16 /* lib */ = {
			isa = PBXGroup;
			children = (
				5B297B6318EE5388006B7D16 /* osx */,
			);
			path = lib;
			sourceTree = "<group>";
		};
		5B297B6318EE5388006B7D16 /* osx */ = {
			isa = PBXGroup;
			children = (
				5B297B6418EE5388006B7D16 /* Syphon.framework */,
			);
			path = osx;
			sourceTree = "<group>";
		};
		5B297B6518EE5388006B7D16 /* src */ = {
			isa = PBXGroup;
			children = (
				5B297B6618EE5388006B7D16 /* SyphonNameboundClient.h */,
				5B297B6718EE5388006B7D16 /* SyphonNameboundClient.m */,
			);
			path = src;
			sourceTree = "<group>";
		};
		5B297B6918EE5388006B7D16 /* src */ = {
			isa = PBXGroup;
			children = (
				5B297B6A18EE5388006B7D16 /* ofxSyphon.h */,
				5B297B6B18EE5388006B7D16 /* ofxSyphonClient.h */,
				5B297B6C18EE5388006B7D16 /* ofxSyphonClient.mm */,
				5B297B6D18EE5388006B7D16 /* ofxSyphonServer.h */,
				5B297B6E18EE5388006B7D16 /* ofxSyphonServer.mm */,
				5B297B6F18EE5388006B7D16 /* ofxSyphonServerDirectory.h */,
				5B297B7018EE5388006B7D16 /* ofxSyphonServerDirectory.mm */,
			);
			path = src;
			sourceTree = "<group>";
		};
		5B297B8118EF31F1006B7D16 /* src */ = {
			isa = PBXGroup;
			children = (
				5B297B8218EF31F1006B7D16 /* ofxUI.h */,
				5B297B8318EF31F1006B7D16 /* ofxUI2DGraph.cpp */,
				5B297B8418EF31F1006B7D16 /* ofxUI2DGraph.h */,
				5B297B8518EF31F1006B7D16 /* ofxUI2DPad.cpp */,
				5B297B8618EF31F1006B7D16 /* ofxUI2DPad.h */,
				5B297B8718EF31F1006B7D16 /* ofxUIBaseDraws.cpp */,
				5B297B8818EF31F1006B7D16 /* ofxUIBaseDraws.h */,
				5B297B8918EF31F1006B7D16 /* ofxUIBiLabelSlider.cpp */,
				5B297B8A18EF31F1006B7D16 /* ofxUIBiLabelSlider.h */,
				5B297B8B18EF31F1006B7D16 /* ofxUIButton.cpp */,
				5B297B8C18EF31F1006B7D16 /* ofxUIButton.h */,
				5B297B8D18EF31F1006B7D16 /* ofxUICanvas.cpp */,
				5B297B8E18EF31F1006B7D16 /* ofxUICanvas.h */,
				5B297B8F18EF31F1006B7D16 /* ofxUICircleSlider.cpp */,
				5B297B9018EF31F1006B7D16 /* ofxUICircleSlider.h */,
				5B297B9118EF31F1006B7D16 /* ofxUICustomImageButton.cpp */,
				5B297B9218EF31F1006B7D16 /* ofxUICustomImageButton.h */,
				5B297B9318EF31F1006B7D16 /* ofxUIDefines.h */,
				5B297B9418EF31F1006B7D16 /* ofxUIDragableLabelButton.cpp */,
				5B297B9518EF31F1006B7D16 /* ofxUIDragableLabelButton.h */,
				5B297B9618EF31F1006B7D16 /* ofxUIDropDownList.cpp */,
				5B297B9718EF31F1006B7D16 /* ofxUIDropDownList.h */,
				5B297B9818EF31F1006B7D16 /* ofxUIEventArgs.cpp */,
				5B297B9918EF31F1006B7D16 /* ofxUIEventArgs.h */,
				5B297B9A18EF31F1006B7D16 /* ofxUIFPS.cpp */,
				5B297B9B18EF31F1006B7D16 /* ofxUIFPS.h */,
				5B297B9C18EF31F1006B7D16 /* ofxUIFPSSlider.cpp */,
				5B297B9D18EF31F1006B7D16 /* ofxUIFPSSlider.h */,
				5B297B9E18EF31F1006B7D16 /* ofxUIImage.cpp */,
				5B297B9F18EF31F1006B7D16 /* ofxUIImage.h */,
				5B297BA018EF31F1006B7D16 /* ofxUIImageButton.cpp */,
				5B297BA118EF31F1006B7D16 /* ofxUIImageButton.h */,
				5B297BA218EF31F1006B7D16 /* ofxUIImageSampler.cpp */,
				5B297BA318EF31F1006B7D16 /* ofxUIImageSampler.h */,
				5B297BA418EF31F1006B7D16 /* ofxUIImageSlider.cpp */,
				5B297BA518EF31F1006B7D16 /* ofxUIImageSlider.h */,
				5B297BA618EF31F1006B7D16 /* ofxUIImageToggle.cpp */,
				5B297BA718EF31F1006B7D16 /* ofxUIImageToggle.h */,
				5B297BA818EF31F1006B7D16 /* ofxUIIntSlider.cpp */,
				5B297BA918EF31F1006B7D16 /* ofxUIIntSlider.h */,
				5B297BAA18EF31F1006B7D16 /* ofxUILabel.cpp */,
				5B297BAB18EF31F1006B7D16 /* ofxUILabel.h */,
				5B297BAC18EF31F1006B7D16 /* ofxUILabelButton.cpp */,
				5B297BAD18EF31F1006B7D16 /* ofxUILabelButton.h */,
				5B297BAE18EF31F1006B7D16 /* ofxUILabelToggle.cpp */,
				5B297BAF18EF31F1006B7D16 /* ofxUILabelToggle.h */,
				5B297BB018EF31F1006B7D16 /* ofxUIMinimalSlider.cpp */,
				5B297BB118EF31F1006B7D16 /* ofxUIMinimalSlider.h */,
				5B297BB218EF31F1006B7D16 /* ofxUIMovingGraph.cpp */,
				5B297BB318EF31F1006B7D16 /* ofxUIMovingGraph.h */,
				5B297BB418EF31F1006B7D16 /* ofxUIMultiImageButton.cpp */,
				5B297BB518EF31F1006B7D16 /* ofxUIMultiImageButton.h */,
				5B297BB618EF31F1006B7D16 /* ofxUIMultiImageToggle.cpp */,
				5B297BB718EF31F1006B7D16 /* ofxUIMultiImageToggle.h */,
				5B297BB818EF31F1006B7D16 /* ofxUINumberDialer.cpp */,
				5B297BB918EF31F1006B7D16 /* ofxUINumberDialer.h */,
				5B297BBA18EF31F1006B7D16 /* ofxUIOFWrapper.h */,
				5B297BBB18EF31F1006B7D16 /* ofxUIRadio.cpp */,
				5B297BBC18EF31F1006B7D16 /* ofxUIRadio.h */,
				5B297BBD18EF31F1006B7D16 /* ofxUIRangeSlider.cpp */,
				5B297BBE18EF31F1006B7D16 /* ofxUIRangeSlider.h */,
				5B297BBF18EF31F1006B7D16 /* ofxUIRectangle.cpp */,
				5B297BC018EF31F1006B7D16 /* ofxUIRectangle.h */,
				5B297BC118EF31F1006B7D16 /* ofxUIRotarySlider.cpp */,
				5B297BC218EF31F1006B7D16 /* ofxUIRotarySlider.h */,
				5B297BC318EF31F1006B7D16 /* ofxUIScrollableCanvas.cpp */,
				5B297BC418EF31F1006B7D16 /* ofxUIScrollableCanvas.h */,
				5B297BC518EF31F1006B7D16 /* ofxUISlider.cpp */,
				5B297BC618EF31F1006B7D16 /* ofxUISlider.h */,
				5B297BC718EF31F1006B7D16 /* ofxUISortableList.cpp */,
				5B297BC818EF31F1006B7D16 /* ofxUISortableList.h */,
				5B297BC918EF31F1006B7D16 /* ofxUISpacer.cpp */,
				5B297BCA18EF31F1006B7D16 /* ofxUISpacer.h */,
				5B297BCB18EF31F1006B7D16 /* ofxUISpectrum.cpp */,
				5B297BCC18EF31F1006B7D16 /* ofxUISpectrum.h */,
				5B297BCD18EF31F1006B7D16 /* ofxUISuperCanvas.cpp */,
				5B297BCE18EF31F1006B7D16 /* ofxUISuperCanvas.h */,
				5B297BCF18EF31F1006B7D16 /* ofxUITabBar.cpp */,
				5B297BD018EF31F1006B7D16 /* ofxUITabBar.h */,
				5B297BD118EF31F1006B7D16 /* ofxUITextArea.cpp */,
				5B297BD218EF31F1006B7D16 /* ofxUITextArea.h */,
				5B297BD318EF31F1006B7D16 /* ofxUITextInput.cpp */,
				5B297BD418EF31F1006B7D16 /* ofxUITextInput.h */,
				5B297BD518EF31F1006B7D16 /* ofxUIToggle.cpp */,
				5B297BD618EF31F1006B7D16 /* ofxUIToggle.h */,
				5B297BD718EF31F1006B7D16 /* ofxUIToggleMatrix.cpp */,
				5B297BD818EF31F1006B7D16 /* ofxUIToggleMatrix.h */,
				5B297BD918EF31F1006B7D16 /* ofxUIUtils.h */,
				5B297BDA18EF31F1006B7D16 /* ofxUIValuePlotter.cpp */,
				5B297BDB18EF31F1006B7D16 /* ofxUIValuePlotter.h */,
				5B297BDC18EF31F1006B7D16 /* ofxUIWaveform.cpp */,
				5B297BDD18EF31F1006B7D16 /* ofxUIWaveform.h */,
				5B297BDE18EF31F1006B7D16 /* ofxUIWidget.cpp */,
				5B297BDF18EF31F1006B7D16 /* ofxUIWidget.h */,
				5B297BE018EF31F1006B7D16 /* ofxUIWidgetWithLabel.cpp */,
				5B297BE118EF31F1006B7D16 /* ofxUIWidgetWithLabel.h */,
				5B297BE218EF31F1006B7D16 /* ofxUIWrapper.h */,
			);
			name = src;
			path = ../of_v0.8.1_osx_release/addons/ofxUI/src;
			sourceTree = "<group>";
		};
		6E54289412D2D94F45A05113 /* libs */ = {
			isa = PBXGroup;
			children = (
				BBBCC8EEA69482FBD867949E /* tinyxml.cpp */,
				933ED693354272BB5F2671F7 /* tinyxml.h */,
				62E561F228DA38E916AD82A4 /* tinyxmlerror.cpp */,
				18702D68E84075849707B650 /* tinyxmlparser.cpp */,
			);
			name = libs;
			sourceTree = "<group>";
		};
		6ECEF0D76BC33727823EADFF /* src */ = {
			isa = PBXGroup;
			children = (
				B3589C0292318E6126A86AB2 /* ofxXmlSettings.cpp */,
				EE4B75E71C5CE78C11A70364 /* ofxXmlSettings.h */,
			);
			name = src;
			sourceTree = "<group>";
		};
		A492CE86424AB8905550BFD8 /* ofxUI */ = {
			isa = PBXGroup;
			children = (
				5B297B8118EF31F1006B7D16 /* src */,
			);
			name = ofxUI;
			sourceTree = "<group>";
		};
		B9EF72090F183DAE07C90B1D /* src */ = {
			isa = PBXGroup;
			children = (
				E08D46B7E4EC91F96E572369 /* exampleControls */,
				E58FE091C2915130782ACDBF /* ofxListener.cpp */,
				518F3FE01EC7DE096155C72E /* ofxListener.h */,
				258AB324B580FB323A716B33 /* ofxTangibleButton.cpp */,
				33BA78EEE8DDA99476D7D1F5 /* ofxTangibleButton.h */,
				017E8D82C7D30D394097FF38 /* ofxTangibleCore.cpp */,
				84F2E1C4F3ADC8727F705F80 /* ofxTangibleCore.h */,
				C3BAE3A5C715D4D40AE21E3E /* ofxTangibleHandle.cpp */,
				7AE44441C3ED6FF64A73CF5B /* ofxTangibleHandle.h */,
				CB211826074E8B8448C5A800 /* ofxTangibleToggle.cpp */,
				83EB2E11A82E497C77C88ECA /* ofxTangibleToggle.h */,
				AC63E2DE7C19A742E8EB4147 /* ofxTransmitter.cpp */,
				4B2041E3F4FA377842B8BEDD /* ofxTransmitter.h */,
			);
			name = src;
			sourceTree = "<group>";
		};
		BB4B014C10F69532006C3DED /* addons */ = {
			isa = PBXGroup;
			children = (
				5B297B4718EE5387006B7D16 /* ofxSyphon */,
				1F4FB5C423662B96ADFDCC0B /* ofxXmlSettings */,
				04D882B56E971DBF6E7ECCC8 /* ofxTangibleUI */,
				A492CE86424AB8905550BFD8 /* ofxUI */,
			);
			name = addons;
			sourceTree = "<group>";
		};
		BBAB23C913894ECA00AA2426 /* system frameworks */ = {
			isa = PBXGroup;
			children = (
				E7F985F515E0DE99003869B5 /* Accelerate.framework */,
				E4C2424410CC5A17004149E2 /* AppKit.framework */,
				E4C2424510CC5A17004149E2 /* Cocoa.framework */,
				E4C2424610CC5A17004149E2 /* IOKit.framework */,
				E45BE9710E8CC7DD009D7055 /* AGL.framework */,
				E45BE9720E8CC7DD009D7055 /* ApplicationServices.framework */,
				E45BE9730E8CC7DD009D7055 /* AudioToolbox.framework */,
				E45BE9750E8CC7DD009D7055 /* CoreAudio.framework */,
				E45BE9760E8CC7DD009D7055 /* CoreFoundation.framework */,
				E45BE9770E8CC7DD009D7055 /* CoreServices.framework */,
				E45BE9790E8CC7DD009D7055 /* OpenGL.framework */,
				E45BE97A0E8CC7DD009D7055 /* QuickTime.framework */,
				E7E077E415D3B63C0020DFD4 /* CoreVideo.framework */,
				E7E077E715D3B6510020DFD4 /* QTKit.framework */,
			);
			name = "system frameworks";
			sourceTree = "<group>";
		};
		BBAB23CA13894EDB00AA2426 /* 3rd party frameworks */ = {
			isa = PBXGroup;
			children = (
				BBAB23BE13894E4700AA2426 /* GLUT.framework */,
			);
			name = "3rd party frameworks";
			sourceTree = "<group>";
		};
		E08D46B7E4EC91F96E572369 /* exampleControls */ = {
			isa = PBXGroup;
			children = (
				45D0292B8ED5CA1D4BD8C668 /* bezier */,
				C84DF46390FBA6EFE5215AAA /* ofxPositioningContainer.cpp */,
				D4590D105FB9652E0B44E3FC /* ofxPositioningContainer.h */,
				EED83282B3053FEED70D08E1 /* ofxRotaryKnob.cpp */,
				FE7E785B328CEF23E6D26FDA /* ofxRotaryKnob.h */,
				F9AD24C6D0A8FF23B2587924 /* ofxTangibleImage.cpp */,
				03B8C2D4F782A1A89609A874 /* ofxTangibleImage.h */,
				D38CB0892D9D8B87E7E16D31 /* ofxTangibleSlider.h */,
				BF50F3FFDAC1F530CCA62D68 /* ofxTangibleValue.cpp */,
				0B20E43A86F17E74077016F4 /* ofxTangibleValue.h */,
				9D0B6172FA41ED212CA01C91 /* ofxTimeline.cpp */,
				EE8581E364E8E41AA02CE2B4 /* ofxTimeline.h */,
			);
			name = exampleControls;
			sourceTree = "<group>";
		};
		E4328144138ABC890047C5CB /* Products */ = {
			isa = PBXGroup;
			children = (
				E4328148138ABC890047C5CB /* openFrameworksDebug.a */,
			);
			name = Products;
			sourceTree = "<group>";
		};
		E45BE5980E8CC70C009D7055 /* frameworks */ = {
			isa = PBXGroup;
			children = (
				BBAB23CA13894EDB00AA2426 /* 3rd party frameworks */,
				BBAB23C913894ECA00AA2426 /* system frameworks */,
			);
			name = frameworks;
			sourceTree = "<group>";
		};
		E4B69B4A0A3A1720003C02F2 = {
			isa = PBXGroup;
			children = (
				E4B6FCAD0C3E899E008CF71C /* openFrameworks-Info.plist */,
				E4EB6923138AFD0F00A09F29 /* Project.xcconfig */,
				E4B69E1C0A3A1BDC003C02F2 /* src */,
				E4EEC9E9138DF44700A80321 /* openFrameworks */,
				BB4B014C10F69532006C3DED /* addons */,
				E45BE5980E8CC70C009D7055 /* frameworks */,
				E4B69B5B0A3A1756003C02F2 /* streetlightDebug.app */,
			);
			sourceTree = "<group>";
		};
		E4B69E1C0A3A1BDC003C02F2 /* src */ = {
			isa = PBXGroup;
			children = (
				E4B69E1D0A3A1BDC003C02F2 /* main.cpp */,
				E4B69E1E0A3A1BDC003C02F2 /* ckvdApp.cpp */,
				E4B69E1F0A3A1BDC003C02F2 /* ckvdApp.h */,
				5B297B1018EE501C006B7D16 /* ckvdHandle.cpp */,
				5B297B1118EE501C006B7D16 /* ckvdHandle.h */,
				5B297B1218EE501C006B7D16 /* kinet.cpp */,
				5B297B1318EE501C006B7D16 /* kinet.h */,
			);
			path = src;
			sourceTree = SOURCE_ROOT;
		};
		E4EEC9E9138DF44700A80321 /* openFrameworks */ = {
			isa = PBXGroup;
			children = (
				E4EB691F138AFCF100A09F29 /* CoreOF.xcconfig */,
				E4328143138ABC890047C5CB /* openFrameworksLib.xcodeproj */,
			);
			name = openFrameworks;
			sourceTree = "<group>";
		};
/* End PBXGroup section */

/* Begin PBXNativeTarget section */
		E4B69B5A0A3A1756003C02F2 /* Streetlight */ = {
			isa = PBXNativeTarget;
			buildConfigurationList = E4B69B5F0A3A1757003C02F2 /* Build configuration list for PBXNativeTarget "Streetlight" */;
			buildPhases = (
				E4B69B580A3A1756003C02F2 /* Sources */,
				E4B69B590A3A1756003C02F2 /* Frameworks */,
				E4B6FFFD0C3F9AB9008CF71C /* ShellScript */,
				E4C2427710CC5ABF004149E2 /* CopyFiles */,
			);
			buildRules = (
			);
			dependencies = (
				E4EEB9AC138B136A00A80321 /* PBXTargetDependency */,
			);
			name = Streetlight;
			productName = myOFApp;
			productReference = E4B69B5B0A3A1756003C02F2 /* streetlightDebug.app */;
			productType = "com.apple.product-type.application";
		};
/* End PBXNativeTarget section */

/* Begin PBXProject section */
		E4B69B4C0A3A1720003C02F2 /* Project object */ = {
			isa = PBXProject;
			attributes = {
				LastUpgradeCheck = 0460;
			};
			buildConfigurationList = E4B69B4D0A3A1720003C02F2 /* Build configuration list for PBXProject "streetlight" */;
			compatibilityVersion = "Xcode 3.2";
			developmentRegion = English;
			hasScannedForEncodings = 0;
			knownRegions = (
				English,
				Japanese,
				French,
				German,
			);
			mainGroup = E4B69B4A0A3A1720003C02F2;
			productRefGroup = E4B69B4A0A3A1720003C02F2;
			projectDirPath = "";
			projectReferences = (
				{
					ProductGroup = E4328144138ABC890047C5CB /* Products */;
					ProjectRef = E4328143138ABC890047C5CB /* openFrameworksLib.xcodeproj */;
				},
			);
			projectRoot = "";
			targets = (
				E4B69B5A0A3A1756003C02F2 /* Streetlight */,
			);
		};
/* End PBXProject section */

/* Begin PBXReferenceProxy section */
		E4328148138ABC890047C5CB /* openFrameworksDebug.a */ = {
			isa = PBXReferenceProxy;
			fileType = archive.ar;
			path = openFrameworksDebug.a;
			remoteRef = E4328147138ABC890047C5CB /* PBXContainerItemProxy */;
			sourceTree = BUILT_PRODUCTS_DIR;
		};
/* End PBXReferenceProxy section */

/* Begin PBXShellScriptBuildPhase section */
		E4B6FFFD0C3F9AB9008CF71C /* ShellScript */ = {
			isa = PBXShellScriptBuildPhase;
			buildActionMask = 2147483647;
			files = (
			);
			inputPaths = (
			);
			outputPaths = (
			);
			runOnlyForDeploymentPostprocessing = 0;
			shellPath = /bin/sh;
			shellScript = "cp -f ../of_v0.8.1_osx_release/libs/fmodex/lib/osx/libfmodex.dylib \"$TARGET_BUILD_DIR/$PRODUCT_NAME.app/Contents/MacOS/libfmodex.dylib\"; install_name_tool -change ./libfmodex.dylib @executable_path/libfmodex.dylib \"$TARGET_BUILD_DIR/$PRODUCT_NAME.app/Contents/MacOS/$PRODUCT_NAME\";\nmkdir -p \"$TARGET_BUILD_DIR/$PRODUCT_NAME.app/Contents/Resources/\"\ncp -f \"$ICON_FILE\" \"$TARGET_BUILD_DIR/$PRODUCT_NAME.app/Contents/Resources/\"\n";
		};
/* End PBXShellScriptBuildPhase section */

/* Begin PBXSourcesBuildPhase section */
		E4B69B580A3A1756003C02F2 /* Sources */ = {
			isa = PBXSourcesBuildPhase;
			buildActionMask = 2147483647;
			files = (
				E4B69E200A3A1BDC003C02F2 /* main.cpp in Sources */,
				5B297BF418EF31F1006B7D16 /* ofxUIImageToggle.cpp in Sources */,
				5B297BF818EF31F1006B7D16 /* ofxUILabelToggle.cpp in Sources */,
				E4B69E210A3A1BDC003C02F2 /* ckvdApp.cpp in Sources */,
				5B297C1018EF31F1006B7D16 /* ofxUIWidgetWithLabel.cpp in Sources */,
				170DC9AF378A4CB8C72106C1 /* ofxXmlSettings.cpp in Sources */,
				5B297BEB18EF31F1006B7D16 /* ofxUIDragableLabelButton.cpp in Sources */,
				5B297C0518EF31F1006B7D16 /* ofxUISpacer.cpp in Sources */,
				BAF16D3FCC1A5D86832036D0 /* tinyxml.cpp in Sources */,
				5B297BF018EF31F1006B7D16 /* ofxUIImage.cpp in Sources */,
				257A82859F8666C8F9642C8A /* tinyxmlerror.cpp in Sources */,
				5B297BFB18EF31F1006B7D16 /* ofxUIMultiImageButton.cpp in Sources */,
				2AC45515F27B8A746A4A6720 /* tinyxmlparser.cpp in Sources */,
				5B297BEE18EF31F1006B7D16 /* ofxUIFPS.cpp in Sources */,
				5B297BEA18EF31F1006B7D16 /* ofxUICustomImageButton.cpp in Sources */,
				5B297C0E18EF31F1006B7D16 /* ofxUIWaveform.cpp in Sources */,
				3D4E0BEC69118476A0D4E226 /* ofxTangibleBezier.cpp in Sources */,
				5B297C0A18EF31F1006B7D16 /* ofxUITextInput.cpp in Sources */,
				5B297C0718EF31F1006B7D16 /* ofxUISuperCanvas.cpp in Sources */,
				5B297BF918EF31F1006B7D16 /* ofxUIMinimalSlider.cpp in Sources */,
				5B297BFA18EF31F1006B7D16 /* ofxUIMovingGraph.cpp in Sources */,
				5B297BE818EF31F1006B7D16 /* ofxUICanvas.cpp in Sources */,
				94A4FC0AF63F916894542BCA /* ofxTangibleBezierControl.cpp in Sources */,
				5B297BFF18EF31F1006B7D16 /* ofxUIRangeSlider.cpp in Sources */,
				5B297BF318EF31F1006B7D16 /* ofxUIImageSlider.cpp in Sources */,
				D3E61A7F2EB2A1ACC60FC9B1 /* ofxTangibleBezierHelper.cpp in Sources */,
				5B297C0818EF31F1006B7D16 /* ofxUITabBar.cpp in Sources */,
				5B297BE418EF31F1006B7D16 /* ofxUI2DPad.cpp in Sources */,
				B4BCEBADB67863B2998C9024 /* ofxPositioningContainer.cpp in Sources */,
				5B297C0D18EF31F1006B7D16 /* ofxUIValuePlotter.cpp in Sources */,
				5B297B7818EE5388006B7D16 /* ofxSyphonServer.mm in Sources */,
				5B297BE918EF31F1006B7D16 /* ofxUICircleSlider.cpp in Sources */,
				5B297C0418EF31F1006B7D16 /* ofxUISortableList.cpp in Sources */,
				5B297C0B18EF31F1006B7D16 /* ofxUIToggle.cpp in Sources */,
				990B68D6445C4EC0E5DDF82C /* ofxRotaryKnob.cpp in Sources */,
				380609A83057214DAFEEB599 /* ofxTangibleImage.cpp in Sources */,
				5B297C0018EF31F1006B7D16 /* ofxUIRectangle.cpp in Sources */,
				5B297BE618EF31F1006B7D16 /* ofxUIBiLabelSlider.cpp in Sources */,
				0E144D0E02CAEC59F75C4627 /* ofxTangibleValue.cpp in Sources */,
				5B297C0618EF31F1006B7D16 /* ofxUISpectrum.cpp in Sources */,
				5B297BED18EF31F1006B7D16 /* ofxUIEventArgs.cpp in Sources */,
				5B297BFC18EF31F1006B7D16 /* ofxUIMultiImageToggle.cpp in Sources */,
				5B297C0218EF31F1006B7D16 /* ofxUIScrollableCanvas.cpp in Sources */,
				E331E7A2BEFADC110EE8C23C /* ofxTimeline.cpp in Sources */,
				E46D48DC716E214CA2E9E59E /* ofxListener.cpp in Sources */,
				E155A08312A287E40230ADC8 /* ofxTangibleButton.cpp in Sources */,
				5B297BF618EF31F1006B7D16 /* ofxUILabel.cpp in Sources */,
				5B297C0918EF31F1006B7D16 /* ofxUITextArea.cpp in Sources */,
				83A996D4EFAD7D31D0387DA0 /* ofxTangibleCore.cpp in Sources */,
				5B297BE318EF31F1006B7D16 /* ofxUI2DGraph.cpp in Sources */,
				5B297BF118EF31F1006B7D16 /* ofxUIImageButton.cpp in Sources */,
				1CCCC1103171A9253C0A4362 /* ofxTangibleHandle.cpp in Sources */,
				5B297C0F18EF31F1006B7D16 /* ofxUIWidget.cpp in Sources */,
				5B297BF218EF31F1006B7D16 /* ofxUIImageSampler.cpp in Sources */,
				5B297BEC18EF31F1006B7D16 /* ofxUIDropDownList.cpp in Sources */,
				25BD31837A3EBC12F9829DAB /* ofxTangibleToggle.cpp in Sources */,
				8D0A58004D3B4C177911B24D /* ofxTransmitter.cpp in Sources */,
				5B297C0318EF31F1006B7D16 /* ofxUISlider.cpp in Sources */,
				5B297B1518EE501C006B7D16 /* kinet.cpp in Sources */,
				5B297BE518EF31F1006B7D16 /* ofxUIBaseDraws.cpp in Sources */,
				5B297C0C18EF31F1006B7D16 /* ofxUIToggleMatrix.cpp in Sources */,
				5B297BE718EF31F1006B7D16 /* ofxUIButton.cpp in Sources */,
				5B297BFE18EF31F1006B7D16 /* ofxUIRadio.cpp in Sources */,
				5B297C0118EF31F1006B7D16 /* ofxUIRotarySlider.cpp in Sources */,
				5B297B7618EE5388006B7D16 /* SyphonNameboundClient.m in Sources */,
				5B297BF718EF31F1006B7D16 /* ofxUILabelButton.cpp in Sources */,
				5B297BF518EF31F1006B7D16 /* ofxUIIntSlider.cpp in Sources */,
				5B297B7718EE5388006B7D16 /* ofxSyphonClient.mm in Sources */,
				5B297B1418EE501C006B7D16 /* ckvdHandle.cpp in Sources */,
				5B297BEF18EF31F1006B7D16 /* ofxUIFPSSlider.cpp in Sources */,
				5B297B7918EE5388006B7D16 /* ofxSyphonServerDirectory.mm in Sources */,
				5B297BFD18EF31F1006B7D16 /* ofxUINumberDialer.cpp in Sources */,
			);
			runOnlyForDeploymentPostprocessing = 0;
		};
/* End PBXSourcesBuildPhase section */

/* Begin PBXTargetDependency section */
		E4EEB9AC138B136A00A80321 /* PBXTargetDependency */ = {
			isa = PBXTargetDependency;
			name = openFrameworks;
			targetProxy = E4EEB9AB138B136A00A80321 /* PBXContainerItemProxy */;
		};
/* End PBXTargetDependency section */

/* Begin XCBuildConfiguration section */
		E4B69B4E0A3A1720003C02F2 /* Debug */ = {
			isa = XCBuildConfiguration;
			baseConfigurationReference = E4EB6923138AFD0F00A09F29 /* Project.xcconfig */;
			buildSettings = {
				ARCHS = "$(NATIVE_ARCH)";
				CONFIGURATION_BUILD_DIR = "$(SRCROOT)/bin/";
				COPY_PHASE_STRIP = NO;
				DEAD_CODE_STRIPPING = YES;
				GCC_AUTO_VECTORIZATION = YES;
				GCC_ENABLE_SSE3_EXTENSIONS = YES;
				GCC_ENABLE_SUPPLEMENTAL_SSE3_INSTRUCTIONS = YES;
				GCC_INLINES_ARE_PRIVATE_EXTERN = NO;
				GCC_OPTIMIZATION_LEVEL = 0;
				GCC_SYMBOLS_PRIVATE_EXTERN = NO;
				GCC_WARN_ABOUT_DEPRECATED_FUNCTIONS = YES;
				GCC_WARN_ABOUT_INVALID_OFFSETOF_MACRO = NO;
				GCC_WARN_ALLOW_INCOMPLETE_PROTOCOL = NO;
				GCC_WARN_UNINITIALIZED_AUTOS = NO;
				GCC_WARN_UNUSED_VALUE = NO;
				GCC_WARN_UNUSED_VARIABLE = NO;
				HEADER_SEARCH_PATHS = (
					"$(OF_CORE_HEADERS)",
					../of_v0.8.1_osx_release/addons/ofxXmlSettings/libs,
					../of_v0.8.1_osx_release/addons/ofxXmlSettings/src,
					../of_v0.8.1_osx_release/addons/ofxSyphon/libs,
					../of_v0.8.1_osx_release/addons/ofxSyphon/libs/Syphon,
					../of_v0.8.1_osx_release/addons/ofxSyphon/libs/Syphon/lib,
					../of_v0.8.1_osx_release/addons/ofxSyphon/libs/Syphon/lib/osx,
					../of_v0.8.1_osx_release/addons/ofxSyphon/libs/Syphon/lib/osx/Syphon.framework,
					../of_v0.8.1_osx_release/addons/ofxSyphon/libs/Syphon/lib/osx/Syphon.framework/Headers,
					../of_v0.8.1_osx_release/addons/ofxSyphon/libs/Syphon/lib/osx/Syphon.framework/Resources,
					../of_v0.8.1_osx_release/addons/ofxSyphon/libs/Syphon/lib/osx/Syphon.framework/Resources/English.lproj,
					../of_v0.8.1_osx_release/addons/ofxSyphon/libs/Syphon/lib/osx/Syphon.framework/Versions,
					../of_v0.8.1_osx_release/addons/ofxSyphon/libs/Syphon/lib/osx/Syphon.framework/Versions/A,
					../of_v0.8.1_osx_release/addons/ofxSyphon/libs/Syphon/lib/osx/Syphon.framework/Versions/A/Headers,
					../of_v0.8.1_osx_release/addons/ofxSyphon/libs/Syphon/lib/osx/Syphon.framework/Versions/A/Resources,
					../of_v0.8.1_osx_release/addons/ofxSyphon/libs/Syphon/lib/osx/Syphon.framework/Versions/A/Resources/English.lproj,
					../of_v0.8.1_osx_release/addons/ofxSyphon/libs/Syphon/lib/osx/Syphon.framework/Versions/Current,
					../of_v0.8.1_osx_release/addons/ofxSyphon/libs/Syphon/lib/osx/Syphon.framework/Versions/Current/Headers,
					../of_v0.8.1_osx_release/addons/ofxSyphon/libs/Syphon/lib/osx/Syphon.framework/Versions/Current/Resources,
					../of_v0.8.1_osx_release/addons/ofxSyphon/libs/Syphon/lib/osx/Syphon.framework/Versions/Current/Resources/English.lproj,
					../of_v0.8.1_osx_release/addons/ofxSyphon/libs/Syphon/src,
					../of_v0.8.1_osx_release/addons/ofxSyphon/src,
					../of_v0.8.1_osx_release/addons/ofxTangibleUI/libs,
					../of_v0.8.1_osx_release/addons/ofxTangibleUI/src,
					../of_v0.8.1_osx_release/addons/ofxTangibleUI/src/exampleControls,
					../of_v0.8.1_osx_release/addons/ofxTangibleUI/src/exampleControls/bezier,
					../of_v0.8.1_osx_release/addons/ofxUI/libs,
					../of_v0.8.1_osx_release/addons/ofxUI/src,
				);
				MACOSX_DEPLOYMENT_TARGET = 10.6;
				OTHER_CPLUSPLUSFLAGS = (
					"-D__MACOSX_CORE__",
					"-lpthread",
					"-mtune=native",
				);
				SDKROOT = macosx;
			};
			name = Debug;
		};
		E4B69B4F0A3A1720003C02F2 /* Release */ = {
			isa = XCBuildConfiguration;
			baseConfigurationReference = E4EB6923138AFD0F00A09F29 /* Project.xcconfig */;
			buildSettings = {
				ARCHS = "$(NATIVE_ARCH)";
				CONFIGURATION_BUILD_DIR = "$(SRCROOT)/bin/";
				COPY_PHASE_STRIP = YES;
				DEAD_CODE_STRIPPING = YES;
				GCC_AUTO_VECTORIZATION = YES;
				GCC_ENABLE_SSE3_EXTENSIONS = YES;
				GCC_ENABLE_SUPPLEMENTAL_SSE3_INSTRUCTIONS = YES;
				GCC_INLINES_ARE_PRIVATE_EXTERN = NO;
				GCC_OPTIMIZATION_LEVEL = 3;
				GCC_SYMBOLS_PRIVATE_EXTERN = NO;
				GCC_UNROLL_LOOPS = YES;
				GCC_WARN_ABOUT_DEPRECATED_FUNCTIONS = YES;
				GCC_WARN_ABOUT_INVALID_OFFSETOF_MACRO = NO;
				GCC_WARN_ALLOW_INCOMPLETE_PROTOCOL = NO;
				GCC_WARN_UNINITIALIZED_AUTOS = NO;
				GCC_WARN_UNUSED_VALUE = NO;
				GCC_WARN_UNUSED_VARIABLE = NO;
				HEADER_SEARCH_PATHS = (
					"$(OF_CORE_HEADERS)",
					../of_v0.8.1_osx_release/addons/ofxXmlSettings/libs,
					../of_v0.8.1_osx_release/addons/ofxXmlSettings/src,
					../of_v0.8.1_osx_release/addons/ofxSyphon/libs,
					../of_v0.8.1_osx_release/addons/ofxSyphon/libs/Syphon,
					../of_v0.8.1_osx_release/addons/ofxSyphon/libs/Syphon/lib,
					../of_v0.8.1_osx_release/addons/ofxSyphon/libs/Syphon/lib/osx,
					../of_v0.8.1_osx_release/addons/ofxSyphon/libs/Syphon/lib/osx/Syphon.framework,
					../of_v0.8.1_osx_release/addons/ofxSyphon/libs/Syphon/lib/osx/Syphon.framework/Headers,
					../of_v0.8.1_osx_release/addons/ofxSyphon/libs/Syphon/lib/osx/Syphon.framework/Resources,
					../of_v0.8.1_osx_release/addons/ofxSyphon/libs/Syphon/lib/osx/Syphon.framework/Resources/English.lproj,
					../of_v0.8.1_osx_release/addons/ofxSyphon/libs/Syphon/lib/osx/Syphon.framework/Versions,
					../of_v0.8.1_osx_release/addons/ofxSyphon/libs/Syphon/lib/osx/Syphon.framework/Versions/A,
					../of_v0.8.1_osx_release/addons/ofxSyphon/libs/Syphon/lib/osx/Syphon.framework/Versions/A/Headers,
					../of_v0.8.1_osx_release/addons/ofxSyphon/libs/Syphon/lib/osx/Syphon.framework/Versions/A/Resources,
					../of_v0.8.1_osx_release/addons/ofxSyphon/libs/Syphon/lib/osx/Syphon.framework/Versions/A/Resources/English.lproj,
					../of_v0.8.1_osx_release/addons/ofxSyphon/libs/Syphon/lib/osx/Syphon.framework/Versions/Current,
					../of_v0.8.1_osx_release/addons/ofxSyphon/libs/Syphon/lib/osx/Syphon.framework/Versions/Current/Headers,
					../of_v0.8.1_osx_release/addons/ofxSyphon/libs/Syphon/lib/osx/Syphon.framework/Versions/Current/Resources,
					../of_v0.8.1_osx_release/addons/ofxSyphon/libs/Syphon/lib/osx/Syphon.framework/Versions/Current/Resources/English.lproj,
					../of_v0.8.1_osx_release/addons/ofxSyphon/libs/Syphon/src,
					../of_v0.8.1_osx_release/addons/ofxSyphon/src,
					../of_v0.8.1_osx_release/addons/ofxTangibleUI/libs,
					../of_v0.8.1_osx_release/addons/ofxTangibleUI/src,
					../of_v0.8.1_osx_release/addons/ofxTangibleUI/src/exampleControls,
					../of_v0.8.1_osx_release/addons/ofxTangibleUI/src/exampleControls/bezier,
					../of_v0.8.1_osx_release/addons/ofxUI/libs,
					../of_v0.8.1_osx_release/addons/ofxUI/src,
				);
				MACOSX_DEPLOYMENT_TARGET = 10.6;
				OTHER_CPLUSPLUSFLAGS = (
					"-D__MACOSX_CORE__",
					"-lpthread",
					"-mtune=native",
				);
				SDKROOT = macosx;
			};
			name = Release;
		};
		E4B69B600A3A1757003C02F2 /* Debug */ = {
			isa = XCBuildConfiguration;
			buildSettings = {
				COMBINE_HIDPI_IMAGES = YES;
				COPY_PHASE_STRIP = NO;
				FRAMEWORK_SEARCH_PATHS = (
					"$(inherited)",
					"$(FRAMEWORK_SEARCH_PATHS_QUOTED_FOR_TARGET_1)",
					../of_v0.8.1_osx_release/addons/ofxSyphon/libs/Syphon/lib/osx,
					/Users/dewb/ah/of_v0.8.1_osx_release/addons/ofxSyphon/libs/Syphon/lib/osx,
				);
				FRAMEWORK_SEARCH_PATHS_QUOTED_FOR_TARGET_1 = "\"$(SRCROOT)/../of_v0.8.1_osx_release/libs/glut/lib/osx\"";
				GCC_DYNAMIC_NO_PIC = NO;
				GCC_GENERATE_DEBUGGING_SYMBOLS = YES;
				GCC_MODEL_TUNING = NONE;
				HEADER_SEARCH_PATHS = (
					"$(OF_CORE_HEADERS)",
					../of_v0.8.1_osx_release/addons/ofxXmlSettings/libs,
					../of_v0.8.1_osx_release/addons/ofxXmlSettings/src,
					../of_v0.8.1_osx_release/addons/ofxSyphon/libs/Syphon/src,
					../of_v0.8.1_osx_release/addons/ofxSyphon/src,
					../of_v0.8.1_osx_release/addons/ofxTangibleUI/libs,
					../of_v0.8.1_osx_release/addons/ofxTangibleUI/src,
					../of_v0.8.1_osx_release/addons/ofxTangibleUI/src/exampleControls,
					../of_v0.8.1_osx_release/addons/ofxTangibleUI/src/exampleControls/bezier,
					../of_v0.8.1_osx_release/addons/ofxUI/libs,
					../of_v0.8.1_osx_release/addons/ofxUI/src,
				);
				ICON = "$(ICON_NAME_DEBUG)";
				ICON_FILE = "$(ICON_FILE_PATH)$(ICON)";
				INFOPLIST_FILE = "openFrameworks-Info.plist";
				INSTALL_PATH = "$(HOME)/Applications";
				LIBRARY_SEARCH_PATHS = (
					"$(inherited)",
					"$(LIBRARY_SEARCH_PATHS_QUOTED_FOR_TARGET_1)",
					"$(LIBRARY_SEARCH_PATHS_QUOTED_FOR_TARGET_2)",
					"$(LIBRARY_SEARCH_PATHS_QUOTED_FOR_TARGET_3)",
					"$(LIBRARY_SEARCH_PATHS_QUOTED_FOR_TARGET_4)",
					"$(LIBRARY_SEARCH_PATHS_QUOTED_FOR_TARGET_5)",
					"$(LIBRARY_SEARCH_PATHS_QUOTED_FOR_TARGET_6)",
					"$(LIBRARY_SEARCH_PATHS_QUOTED_FOR_TARGET_7)",
					"$(LIBRARY_SEARCH_PATHS_QUOTED_FOR_TARGET_8)",
					"$(LIBRARY_SEARCH_PATHS_QUOTED_FOR_TARGET_9)",
					"$(LIBRARY_SEARCH_PATHS_QUOTED_FOR_TARGET_10)",
					"$(LIBRARY_SEARCH_PATHS_QUOTED_FOR_TARGET_11)",
					"$(LIBRARY_SEARCH_PATHS_QUOTED_FOR_TARGET_12)",
					"$(LIBRARY_SEARCH_PATHS_QUOTED_FOR_TARGET_13)",
					"$(LIBRARY_SEARCH_PATHS_QUOTED_FOR_TARGET_14)",
					"$(LIBRARY_SEARCH_PATHS_QUOTED_FOR_TARGET_15)",
					"$(LIBRARY_SEARCH_PATHS_QUOTED_FOR_TARGET_2)",
					"$(LIBRARY_SEARCH_PATHS_QUOTED_FOR_TARGET_3)",
					"$(LIBRARY_SEARCH_PATHS_QUOTED_FOR_TARGET_7)",
					"$(LIBRARY_SEARCH_PATHS_QUOTED_FOR_TARGET_8)",
					"$(LIBRARY_SEARCH_PATHS_QUOTED_FOR_TARGET_9)",
					"$(LIBRARY_SEARCH_PATHS_QUOTED_FOR_TARGET_10)",
					"$(LIBRARY_SEARCH_PATHS_QUOTED_FOR_TARGET_11)",
					"$(LIBRARY_SEARCH_PATHS_QUOTED_FOR_TARGET_12)",
					"$(LIBRARY_SEARCH_PATHS_QUOTED_FOR_TARGET_13)",
					"$(LIBRARY_SEARCH_PATHS_QUOTED_FOR_TARGET_16)",
					"$(LIBRARY_SEARCH_PATHS_QUOTED_FOR_TARGET_17)",
					"$(LIBRARY_SEARCH_PATHS_QUOTED_FOR_TARGET_18)",
					"$(LIBRARY_SEARCH_PATHS_QUOTED_FOR_TARGET_19)",
					"$(LIBRARY_SEARCH_PATHS_QUOTED_FOR_TARGET_20)",
					"$(LIBRARY_SEARCH_PATHS_QUOTED_FOR_TARGET_21)",
					"$(LIBRARY_SEARCH_PATHS_QUOTED_FOR_TARGET_22)",
					"$(LIBRARY_SEARCH_PATHS_QUOTED_FOR_TARGET_23)",
					"$(LIBRARY_SEARCH_PATHS_QUOTED_FOR_TARGET_24)",
					"$(LIBRARY_SEARCH_PATHS_QUOTED_FOR_TARGET_25)",
					"$(LIBRARY_SEARCH_PATHS_QUOTED_FOR_TARGET_26)",
					"$(LIBRARY_SEARCH_PATHS_QUOTED_FOR_TARGET_27)",
					"$(LIBRARY_SEARCH_PATHS_QUOTED_FOR_TARGET_28)",
					"$(LIBRARY_SEARCH_PATHS_QUOTED_FOR_TARGET_29)",
					"$(LIBRARY_SEARCH_PATHS_QUOTED_FOR_TARGET_30)",
					"$(LIBRARY_SEARCH_PATHS_QUOTED_FOR_TARGET_31)",
					"$(LIBRARY_SEARCH_PATHS_QUOTED_FOR_TARGET_32)",
					"$(LIBRARY_SEARCH_PATHS_QUOTED_FOR_TARGET_33)",
					"$(LIBRARY_SEARCH_PATHS_QUOTED_FOR_TARGET_34)",
					"$(LIBRARY_SEARCH_PATHS_QUOTED_FOR_TARGET_35)",
					"$(LIBRARY_SEARCH_PATHS_QUOTED_FOR_TARGET_36)",
					"$(LIBRARY_SEARCH_PATHS_QUOTED_FOR_TARGET_37)",
					"$(LIBRARY_SEARCH_PATHS_QUOTED_FOR_TARGET_38)",
					"$(LIBRARY_SEARCH_PATHS_QUOTED_FOR_TARGET_39)",
					"$(LIBRARY_SEARCH_PATHS_QUOTED_FOR_TARGET_40)",
					"$(LIBRARY_SEARCH_PATHS_QUOTED_FOR_TARGET_41)",
					"$(LIBRARY_SEARCH_PATHS_QUOTED_FOR_TARGET_42)",
					"$(LIBRARY_SEARCH_PATHS_QUOTED_FOR_TARGET_43)",
					"$(LIBRARY_SEARCH_PATHS_QUOTED_FOR_TARGET_44)",
					"$(LIBRARY_SEARCH_PATHS_QUOTED_FOR_TARGET_45)",
					"$(LIBRARY_SEARCH_PATHS_QUOTED_FOR_TARGET_46)",
					"$(LIBRARY_SEARCH_PATHS_QUOTED_FOR_TARGET_47)",
					"$(LIBRARY_SEARCH_PATHS_QUOTED_FOR_TARGET_48)",
					"$(LIBRARY_SEARCH_PATHS_QUOTED_FOR_TARGET_49)",
					"$(LIBRARY_SEARCH_PATHS_QUOTED_FOR_TARGET_50)",
					"$(LIBRARY_SEARCH_PATHS_QUOTED_FOR_TARGET_51)",
					"$(LIBRARY_SEARCH_PATHS_QUOTED_FOR_TARGET_52)",
				);
				PRODUCT_NAME = "$(TARGET_NAME)Debug";
				WRAPPER_EXTENSION = app;
			};
			name = Debug;
		};
		E4B69B610A3A1757003C02F2 /* Release */ = {
			isa = XCBuildConfiguration;
			buildSettings = {
				COMBINE_HIDPI_IMAGES = YES;
				COPY_PHASE_STRIP = YES;
				FRAMEWORK_SEARCH_PATHS = (
					"$(inherited)",
					"$(FRAMEWORK_SEARCH_PATHS_QUOTED_FOR_TARGET_1)",
					../of_v0.8.1_osx_release/addons/ofxSyphon/libs/Syphon/lib/osx,
					/Users/dewb/ah/of_v0.8.1_osx_release/addons/ofxSyphon/libs/Syphon/lib/osx,
				);
				FRAMEWORK_SEARCH_PATHS_QUOTED_FOR_TARGET_1 = "\"$(SRCROOT)/../of_v0.8.1_osx_release/libs/glut/lib/osx\"";
				GCC_GENERATE_DEBUGGING_SYMBOLS = YES;
				GCC_MODEL_TUNING = NONE;
				HEADER_SEARCH_PATHS = (
					"$(OF_CORE_HEADERS)",
					../of_v0.8.1_osx_release/addons/ofxXmlSettings/libs,
					../of_v0.8.1_osx_release/addons/ofxXmlSettings/src,
					../of_v0.8.1_osx_release/addons/ofxSyphon/libs/Syphon/src,
					../of_v0.8.1_osx_release/addons/ofxSyphon/src,
					../of_v0.8.1_osx_release/addons/ofxTangibleUI/libs,
					../of_v0.8.1_osx_release/addons/ofxTangibleUI/src,
					../of_v0.8.1_osx_release/addons/ofxTangibleUI/src/exampleControls,
					../of_v0.8.1_osx_release/addons/ofxTangibleUI/src/exampleControls/bezier,
					../of_v0.8.1_osx_release/addons/ofxUI/libs,
					../of_v0.8.1_osx_release/addons/ofxUI/src,
				);
				ICON = "$(ICON_NAME_RELEASE)";
				ICON_FILE = "$(ICON_FILE_PATH)$(ICON)";
				INFOPLIST_FILE = "openFrameworks-Info.plist";
				INSTALL_PATH = "$(HOME)/Applications";
				LIBRARY_SEARCH_PATHS = (
					"$(inherited)",
					"$(LIBRARY_SEARCH_PATHS_QUOTED_FOR_TARGET_1)",
					"$(LIBRARY_SEARCH_PATHS_QUOTED_FOR_TARGET_2)",
					"$(LIBRARY_SEARCH_PATHS_QUOTED_FOR_TARGET_3)",
					"$(LIBRARY_SEARCH_PATHS_QUOTED_FOR_TARGET_4)",
					"$(LIBRARY_SEARCH_PATHS_QUOTED_FOR_TARGET_5)",
					"$(LIBRARY_SEARCH_PATHS_QUOTED_FOR_TARGET_6)",
					"$(LIBRARY_SEARCH_PATHS_QUOTED_FOR_TARGET_7)",
					"$(LIBRARY_SEARCH_PATHS_QUOTED_FOR_TARGET_8)",
					"$(LIBRARY_SEARCH_PATHS_QUOTED_FOR_TARGET_9)",
					"$(LIBRARY_SEARCH_PATHS_QUOTED_FOR_TARGET_10)",
					"$(LIBRARY_SEARCH_PATHS_QUOTED_FOR_TARGET_11)",
					"$(LIBRARY_SEARCH_PATHS_QUOTED_FOR_TARGET_12)",
					"$(LIBRARY_SEARCH_PATHS_QUOTED_FOR_TARGET_13)",
					"$(LIBRARY_SEARCH_PATHS_QUOTED_FOR_TARGET_14)",
					"$(LIBRARY_SEARCH_PATHS_QUOTED_FOR_TARGET_15)",
					"$(LIBRARY_SEARCH_PATHS_QUOTED_FOR_TARGET_2)",
					"$(LIBRARY_SEARCH_PATHS_QUOTED_1)",
					"$(LIBRARY_SEARCH_PATHS_QUOTED_FOR_TARGET_3)",
					"$(LIBRARY_SEARCH_PATHS_QUOTED_FOR_TARGET_7)",
					"$(LIBRARY_SEARCH_PATHS_QUOTED_FOR_TARGET_8)",
					"$(LIBRARY_SEARCH_PATHS_QUOTED_FOR_TARGET_9)",
					"$(LIBRARY_SEARCH_PATHS_QUOTED_FOR_TARGET_10)",
					"$(LIBRARY_SEARCH_PATHS_QUOTED_FOR_TARGET_11)",
					"$(LIBRARY_SEARCH_PATHS_QUOTED_FOR_TARGET_12)",
					"$(LIBRARY_SEARCH_PATHS_QUOTED_FOR_TARGET_13)",
					"$(LIBRARY_SEARCH_PATHS_QUOTED_FOR_TARGET_16)",
					"$(LIBRARY_SEARCH_PATHS_QUOTED_FOR_TARGET_17)",
					"$(LIBRARY_SEARCH_PATHS_QUOTED_FOR_TARGET_18)",
					"$(LIBRARY_SEARCH_PATHS_QUOTED_FOR_TARGET_19)",
					"$(LIBRARY_SEARCH_PATHS_QUOTED_FOR_TARGET_20)",
					"$(LIBRARY_SEARCH_PATHS_QUOTED_FOR_TARGET_21)",
					"$(LIBRARY_SEARCH_PATHS_QUOTED_FOR_TARGET_22)",
					"$(LIBRARY_SEARCH_PATHS_QUOTED_FOR_TARGET_23)",
					"$(LIBRARY_SEARCH_PATHS_QUOTED_FOR_TARGET_24)",
					"$(LIBRARY_SEARCH_PATHS_QUOTED_FOR_TARGET_25)",
					"$(LIBRARY_SEARCH_PATHS_QUOTED_FOR_TARGET_26)",
					"$(LIBRARY_SEARCH_PATHS_QUOTED_FOR_TARGET_27)",
					"$(LIBRARY_SEARCH_PATHS_QUOTED_FOR_TARGET_28)",
					"$(LIBRARY_SEARCH_PATHS_QUOTED_FOR_TARGET_29)",
					"$(LIBRARY_SEARCH_PATHS_QUOTED_FOR_TARGET_30)",
					"$(LIBRARY_SEARCH_PATHS_QUOTED_FOR_TARGET_31)",
					"$(LIBRARY_SEARCH_PATHS_QUOTED_FOR_TARGET_32)",
					"$(LIBRARY_SEARCH_PATHS_QUOTED_FOR_TARGET_33)",
					"$(LIBRARY_SEARCH_PATHS_QUOTED_FOR_TARGET_34)",
					"$(LIBRARY_SEARCH_PATHS_QUOTED_FOR_TARGET_35)",
					"$(LIBRARY_SEARCH_PATHS_QUOTED_FOR_TARGET_36)",
					"$(LIBRARY_SEARCH_PATHS_QUOTED_FOR_TARGET_37)",
					"$(LIBRARY_SEARCH_PATHS_QUOTED_FOR_TARGET_38)",
					"$(LIBRARY_SEARCH_PATHS_QUOTED_FOR_TARGET_39)",
					"$(LIBRARY_SEARCH_PATHS_QUOTED_FOR_TARGET_40)",
					"$(LIBRARY_SEARCH_PATHS_QUOTED_FOR_TARGET_41)",
					"$(LIBRARY_SEARCH_PATHS_QUOTED_FOR_TARGET_42)",
					"$(LIBRARY_SEARCH_PATHS_QUOTED_FOR_TARGET_43)",
					"$(LIBRARY_SEARCH_PATHS_QUOTED_FOR_TARGET_44)",
					"$(LIBRARY_SEARCH_PATHS_QUOTED_FOR_TARGET_45)",
					"$(LIBRARY_SEARCH_PATHS_QUOTED_FOR_TARGET_46)",
					"$(LIBRARY_SEARCH_PATHS_QUOTED_FOR_TARGET_47)",
					"$(LIBRARY_SEARCH_PATHS_QUOTED_FOR_TARGET_48)",
					"$(LIBRARY_SEARCH_PATHS_QUOTED_FOR_TARGET_49)",
					"$(LIBRARY_SEARCH_PATHS_QUOTED_FOR_TARGET_50)",
					"$(LIBRARY_SEARCH_PATHS_QUOTED_FOR_TARGET_51)",
				);
				PRODUCT_NAME = "$(TARGET_NAME)";
				WRAPPER_EXTENSION = app;
			};
			name = Release;
		};
/* End XCBuildConfiguration section */

/* Begin XCConfigurationList section */
		E4B69B4D0A3A1720003C02F2 /* Build configuration list for PBXProject "streetlight" */ = {
			isa = XCConfigurationList;
			buildConfigurations = (
				E4B69B4E0A3A1720003C02F2 /* Debug */,
				E4B69B4F0A3A1720003C02F2 /* Release */,
			);
			defaultConfigurationIsVisible = 0;
			defaultConfigurationName = Release;
		};
		E4B69B5F0A3A1757003C02F2 /* Build configuration list for PBXNativeTarget "Streetlight" */ = {
			isa = XCConfigurationList;
			buildConfigurations = (
				E4B69B600A3A1757003C02F2 /* Debug */,
				E4B69B610A3A1757003C02F2 /* Release */,
			);
			defaultConfigurationIsVisible = 0;
			defaultConfigurationName = Release;
		};
/* End XCConfigurationList section */
	};
	rootObject = E4B69B4C0A3A1720003C02F2 /* Project object */;
}
